// !$*UTF8*$!
{
	archiveVersion = 1;
	classes = {
	};
	objectVersion = 50;
	objects = {

/* Begin PBXBuildFile section */
		11153A8622187CAE0064F116 /* AppDelegate.swift in Sources */ = {isa = PBXBuildFile; fileRef = 11153A8522187CAE0064F116 /* AppDelegate.swift */; };
		11153A9B22187CB00064F116 /* ChallengeTests.swift in Sources */ = {isa = PBXBuildFile; fileRef = 11153A9A22187CB00064F116 /* ChallengeTests.swift */; };
		11153AA622187CB00064F116 /* ChallengeUITests.swift in Sources */ = {isa = PBXBuildFile; fileRef = 11153AA522187CB00064F116 /* ChallengeUITests.swift */; };
		11153AC8221880230064F116 /* Assets.xcassets in Resources */ = {isa = PBXBuildFile; fileRef = 11153AC0221880230064F116 /* Assets.xcassets */; };
		11153ACA221880230064F116 /* LaunchScreen.storyboard in Resources */ = {isa = PBXBuildFile; fileRef = 11153AC4221880230064F116 /* LaunchScreen.storyboard */; };
		11153ACB221880230064F116 /* Movie.storyboard in Resources */ = {isa = PBXBuildFile; fileRef = 11153AC5221880230064F116 /* Movie.storyboard */; };
		11153AE2221884900064F116 /* RxSwift.framework in Frameworks */ = {isa = PBXBuildFile; fileRef = 11153ADB2218848F0064F116 /* RxSwift.framework */; };
		11153AE3221884900064F116 /* SwiftyJSON.framework in Frameworks */ = {isa = PBXBuildFile; fileRef = 11153ADC221884900064F116 /* SwiftyJSON.framework */; };
		11153AE4221884900064F116 /* Alamofire.framework in Frameworks */ = {isa = PBXBuildFile; fileRef = 11153ADD221884900064F116 /* Alamofire.framework */; };
		11153AE5221884900064F116 /* XCGLogger.framework in Frameworks */ = {isa = PBXBuildFile; fileRef = 11153ADE221884900064F116 /* XCGLogger.framework */; };
		11153AE6221884900064F116 /* ObjcExceptionBridging.framework in Frameworks */ = {isa = PBXBuildFile; fileRef = 11153ADF221884900064F116 /* ObjcExceptionBridging.framework */; };
		11153AE8221884900064F116 /* RxCocoa.framework in Frameworks */ = {isa = PBXBuildFile; fileRef = 11153AE1221884900064F116 /* RxCocoa.framework */; };
		11153AEA2218852B0064F116 /* Reusable.framework in Frameworks */ = {isa = PBXBuildFile; fileRef = 11153AE92218852B0064F116 /* Reusable.framework */; };
		113439BE221BC8280021EC18 /* MovieDetailViewController.swift in Sources */ = {isa = PBXBuildFile; fileRef = 113439BD221BC8280021EC18 /* MovieDetailViewController.swift */; };
		113439C0221BC8AD0021EC18 /* MovieDetailRepository.swift in Sources */ = {isa = PBXBuildFile; fileRef = 113439BF221BC8AD0021EC18 /* MovieDetailRepository.swift */; };
		113439C2221BC9DD0021EC18 /* MovieDetail.swift in Sources */ = {isa = PBXBuildFile; fileRef = 113439C1221BC9DD0021EC18 /* MovieDetail.swift */; };
		113439C4221BCA570021EC18 /* MovieGenre.swift in Sources */ = {isa = PBXBuildFile; fileRef = 113439C3221BCA570021EC18 /* MovieGenre.swift */; };
		113439C8221BCE2C0021EC18 /* MovieDetailViewModel.swift in Sources */ = {isa = PBXBuildFile; fileRef = 113439C7221BCE2C0021EC18 /* MovieDetailViewModel.swift */; };
		113439CA221BD6F30021EC18 /* MovieDetailBackdropTableViewCell.swift in Sources */ = {isa = PBXBuildFile; fileRef = 113439C9221BD6F30021EC18 /* MovieDetailBackdropTableViewCell.swift */; };
		113439CC221BDA850021EC18 /* MovieDetailBaseInfoTableViewCell.swift in Sources */ = {isa = PBXBuildFile; fileRef = 113439CB221BDA850021EC18 /* MovieDetailBaseInfoTableViewCell.swift */; };
		113439D0221BE1390021EC18 /* MovieDetailSumaryTableViewCell.swift in Sources */ = {isa = PBXBuildFile; fileRef = 113439CF221BE1390021EC18 /* MovieDetailSumaryTableViewCell.swift */; };
		113439D2221BE79C0021EC18 /* DateHelper.framework in Frameworks */ = {isa = PBXBuildFile; fileRef = 113439D1221BE79C0021EC18 /* DateHelper.framework */; };
		113439E2221C00070021EC18 /* MovieType.swift in Sources */ = {isa = PBXBuildFile; fileRef = 113439E1221C00070021EC18 /* MovieType.swift */; };
		11488CBA22188AC900D07D69 /* Localizable.strings in Resources */ = {isa = PBXBuildFile; fileRef = 11488CB822188AC900D07D69 /* Localizable.strings */; };
		11488CD02218EB8B00D07D69 /* NavigationRouter.swift in Sources */ = {isa = PBXBuildFile; fileRef = 11488CCA2218EB8B00D07D69 /* NavigationRouter.swift */; };
		11488CD12218EB8B00D07D69 /* DeepLinkOption.swift in Sources */ = {isa = PBXBuildFile; fileRef = 11488CCB2218EB8B00D07D69 /* DeepLinkOption.swift */; };
		11488CD22218EB8B00D07D69 /* Presentable.swift in Sources */ = {isa = PBXBuildFile; fileRef = 11488CCC2218EB8B00D07D69 /* Presentable.swift */; };
		11488CD32218EB8B00D07D69 /* Router.swift in Sources */ = {isa = PBXBuildFile; fileRef = 11488CCD2218EB8B00D07D69 /* Router.swift */; };
		11488CD42218EB8B00D07D69 /* TabbarRouter.swift in Sources */ = {isa = PBXBuildFile; fileRef = 11488CCE2218EB8B00D07D69 /* TabbarRouter.swift */; };
		11488CD52218EB8B00D07D69 /* Coordinator.swift in Sources */ = {isa = PBXBuildFile; fileRef = 11488CCF2218EB8B00D07D69 /* Coordinator.swift */; };
		11488CD72218EBF200D07D69 /* AppDelegate+Config.swift in Sources */ = {isa = PBXBuildFile; fileRef = 11488CD62218EBF200D07D69 /* AppDelegate+Config.swift */; };
		11488CDB2218EC4F00D07D69 /* XCGLogger+Ext.swift in Sources */ = {isa = PBXBuildFile; fileRef = 11488CDA2218EC4F00D07D69 /* XCGLogger+Ext.swift */; };
		11488CDD2218ECBC00D07D69 /* Const.swift in Sources */ = {isa = PBXBuildFile; fileRef = 11488CDC2218ECBC00D07D69 /* Const.swift */; };
		11488CE22218EE2000D07D69 /* NameDescribable.swift in Sources */ = {isa = PBXBuildFile; fileRef = 11488CE12218EE2000D07D69 /* NameDescribable.swift */; };
		11488CE62218EF3700D07D69 /* Array+Ext.swift in Sources */ = {isa = PBXBuildFile; fileRef = 11488CE52218EF3600D07D69 /* Array+Ext.swift */; };
		11488D31221AFC6A00D07D69 /* AppCoordinator.swift in Sources */ = {isa = PBXBuildFile; fileRef = 11488D30221AFC6A00D07D69 /* AppCoordinator.swift */; };
		11488D33221AFCD800D07D69 /* CoordinatorFactory.swift in Sources */ = {isa = PBXBuildFile; fileRef = 11488D32221AFCD800D07D69 /* CoordinatorFactory.swift */; };
		11488D35221AFCF800D07D69 /* MainCoordinator.swift in Sources */ = {isa = PBXBuildFile; fileRef = 11488D34221AFCF700D07D69 /* MainCoordinator.swift */; };
		11488D37221AFD2500D07D69 /* AlertCoordinator.swift in Sources */ = {isa = PBXBuildFile; fileRef = 11488D36221AFD2500D07D69 /* AlertCoordinator.swift */; };
		11488D39221AFD5200D07D69 /* ControllerFactory.swift in Sources */ = {isa = PBXBuildFile; fileRef = 11488D38221AFD5200D07D69 /* ControllerFactory.swift */; };
		11488D3B221AFD9900D07D69 /* ControllerProtocols.swift in Sources */ = {isa = PBXBuildFile; fileRef = 11488D3A221AFD9900D07D69 /* ControllerProtocols.swift */; };
		11488D3D221AFE2300D07D69 /* CoordinatorProtocols.swift in Sources */ = {isa = PBXBuildFile; fileRef = 11488D3C221AFE2300D07D69 /* CoordinatorProtocols.swift */; };
		11488D3F221AFECA00D07D69 /* AssetsImages.swift in Sources */ = {isa = PBXBuildFile; fileRef = 11488D3E221AFECA00D07D69 /* AssetsImages.swift */; };
		11488D41221AFEDC00D07D69 /* StoryboardsScenes.swift in Sources */ = {isa = PBXBuildFile; fileRef = 11488D40221AFEDC00D07D69 /* StoryboardsScenes.swift */; };
		11488D43221AFF1B00D07D69 /* Optional+Ext.swift in Sources */ = {isa = PBXBuildFile; fileRef = 11488D42221AFF1B00D07D69 /* Optional+Ext.swift */; };
		11488D45221AFF5A00D07D69 /* UIColor+Ext.swift in Sources */ = {isa = PBXBuildFile; fileRef = 11488D44221AFF5A00D07D69 /* UIColor+Ext.swift */; };
		11488D47221AFFC000D07D69 /* BaseViewController.swift in Sources */ = {isa = PBXBuildFile; fileRef = 11488D46221AFFC000D07D69 /* BaseViewController.swift */; };
		11488D49221B019A00D07D69 /* Strings.swift in Sources */ = {isa = PBXBuildFile; fileRef = 11488D48221B019A00D07D69 /* Strings.swift */; };
		11488D4C221B048400D07D69 /* DataRequest+Ext.swift in Sources */ = {isa = PBXBuildFile; fileRef = 11488D4A221B048400D07D69 /* DataRequest+Ext.swift */; };
		11488D4D221B048400D07D69 /* SessionManager+Ext.swift in Sources */ = {isa = PBXBuildFile; fileRef = 11488D4B221B048400D07D69 /* SessionManager+Ext.swift */; };
		11488D57221B051800D07D69 /* ViewState.swift in Sources */ = {isa = PBXBuildFile; fileRef = 11488D55221B051800D07D69 /* ViewState.swift */; };
		11488D61221B057900D07D69 /* APIState.swift in Sources */ = {isa = PBXBuildFile; fileRef = 11488D5C221B057900D07D69 /* APIState.swift */; };
		11488D62221B057900D07D69 /* MovieAPI.swift in Sources */ = {isa = PBXBuildFile; fileRef = 11488D5D221B057900D07D69 /* MovieAPI.swift */; };
		11488D63221B057900D07D69 /* APIEndpoint.swift in Sources */ = {isa = PBXBuildFile; fileRef = 11488D5E221B057900D07D69 /* APIEndpoint.swift */; };
		118001FE2223A75800B67110 /* CoordinatorType.swift in Sources */ = {isa = PBXBuildFile; fileRef = 118001FD2223A75800B67110 /* CoordinatorType.swift */; };
		118002002223B0C300B67110 /* DetailCastViewController.swift in Sources */ = {isa = PBXBuildFile; fileRef = 118001FF2223B0C300B67110 /* DetailCastViewController.swift */; };
		1198EAF2221B93AF00A1C625 /* Movie.swift in Sources */ = {isa = PBXBuildFile; fileRef = 1198EAF1221B93AF00A1C625 /* Movie.swift */; };
		1198EAF4221B95C700A1C625 /* MovieListRepository.swift in Sources */ = {isa = PBXBuildFile; fileRef = 1198EAF3221B95C700A1C625 /* MovieListRepository.swift */; };
		1198EAF6221B95EC00A1C625 /* MovieList.swift in Sources */ = {isa = PBXBuildFile; fileRef = 1198EAF5221B95EC00A1C625 /* MovieList.swift */; };
		1198EAF8221B979A00A1C625 /* MovieListViewModel.swift in Sources */ = {isa = PBXBuildFile; fileRef = 1198EAF7221B979A00A1C625 /* MovieListViewModel.swift */; };
		1198EAFA221B983A00A1C625 /* MovieListViewController.swift in Sources */ = {isa = PBXBuildFile; fileRef = 1198EAF9221B983A00A1C625 /* MovieListViewController.swift */; };
		1198EAFC221B98EF00A1C625 /* MovieListTableViewCell.swift in Sources */ = {isa = PBXBuildFile; fileRef = 1198EAFB221B98EF00A1C625 /* MovieListTableViewCell.swift */; };
		1198EAFE221B9B1800A1C625 /* ChallengeModelTests.swift in Sources */ = {isa = PBXBuildFile; fileRef = 1198EAFD221B9B1800A1C625 /* ChallengeModelTests.swift */; };
		1198EB00221B9E1700A1C625 /* Main.storyboard in Resources */ = {isa = PBXBuildFile; fileRef = 1198EAFF221B9E1700A1C625 /* Main.storyboard */; };
		1198EB02221B9E6D00A1C625 /* MovieCoordinator.swift in Sources */ = {isa = PBXBuildFile; fileRef = 1198EB01221B9E6D00A1C625 /* MovieCoordinator.swift */; };
		11DADD2D221C0CE4004B92A4 /* Configuration.swift in Sources */ = {isa = PBXBuildFile; fileRef = 11DADD2C221C0CE4004B92A4 /* Configuration.swift */; };
		11DADD32221C0FC6004B92A4 /* ImageService.swift in Sources */ = {isa = PBXBuildFile; fileRef = 11DADD31221C0FC6004B92A4 /* ImageService.swift */; };
		11DADD34221C111A004B92A4 /* Kingfisher.framework in Frameworks */ = {isa = PBXBuildFile; fileRef = 11DADD33221C111A004B92A4 /* Kingfisher.framework */; };
		11DADD36221C2363004B92A4 /* configuration.json in Resources */ = {isa = PBXBuildFile; fileRef = 11DADD35221C2363004B92A4 /* configuration.json */; };
		11DADD3A221C432A004B92A4 /* ImageConfigurationRepository.swift in Sources */ = {isa = PBXBuildFile; fileRef = 11DADD39221C432A004B92A4 /* ImageConfigurationRepository.swift */; };
		11DADD3E221C5D46004B92A4 /* MovieCredits.swift in Sources */ = {isa = PBXBuildFile; fileRef = 11DADD3D221C5D46004B92A4 /* MovieCredits.swift */; };
		11DADD40221C60DD004B92A4 /* MovieCreditsRepository.swift in Sources */ = {isa = PBXBuildFile; fileRef = 11DADD3F221C60DD004B92A4 /* MovieCreditsRepository.swift */; };
		11DADD42221C6E7F004B92A4 /* MovieDetailCastTableViewCell.swift in Sources */ = {isa = PBXBuildFile; fileRef = 11DADD41221C6E7F004B92A4 /* MovieDetailCastTableViewCell.swift */; };
		11DADD44221C6E96004B92A4 /* MovieDetailDirectorTableViewCell.swift in Sources */ = {isa = PBXBuildFile; fileRef = 11DADD43221C6E96004B92A4 /* MovieDetailDirectorTableViewCell.swift */; };
		11DADD46221C7D64004B92A4 /* MovieDetailTableHeaderView.swift in Sources */ = {isa = PBXBuildFile; fileRef = 11DADD45221C7D64004B92A4 /* MovieDetailTableHeaderView.swift */; };
		11DADD48221C7E11004B92A4 /* MovieDetailTableHeaderView.xib in Resources */ = {isa = PBXBuildFile; fileRef = 11DADD47221C7E11004B92A4 /* MovieDetailTableHeaderView.xib */; };
		11DADD4A221C84F7004B92A4 /* CastAndCrewViewModel.swift in Sources */ = {isa = PBXBuildFile; fileRef = 11DADD49221C84F7004B92A4 /* CastAndCrewViewModel.swift */; };
		11DADD4C221C852E004B92A4 /* CastAndCrewViewController.swift in Sources */ = {isa = PBXBuildFile; fileRef = 11DADD4B221C852E004B92A4 /* CastAndCrewViewController.swift */; };
		11DADD4E221C9521004B92A4 /* Person.swift in Sources */ = {isa = PBXBuildFile; fileRef = 11DADD4D221C9521004B92A4 /* Person.swift */; };
		11DADD50221C96E5004B92A4 /* CastAndCrewPeopleTableViewCell.swift in Sources */ = {isa = PBXBuildFile; fileRef = 11DADD4F221C96E5004B92A4 /* CastAndCrewPeopleTableViewCell.swift */; };
		11DADD52221C9E88004B92A4 /* ViewSuspendable.swift in Sources */ = {isa = PBXBuildFile; fileRef = 11DADD51221C9E87004B92A4 /* ViewSuspendable.swift */; };
		11DADD55221CA67F004B92A4 /* SettingViewController.swift in Sources */ = {isa = PBXBuildFile; fileRef = 11DADD54221CA67F004B92A4 /* SettingViewController.swift */; };
		11DADD57221CA69D004B92A4 /* SettingCoordinator.swift in Sources */ = {isa = PBXBuildFile; fileRef = 11DADD56221CA69D004B92A4 /* SettingCoordinator.swift */; };
		11DADD5A221CA6CB004B92A4 /* SettingViewModel.swift in Sources */ = {isa = PBXBuildFile; fileRef = 11DADD59221CA6CB004B92A4 /* SettingViewModel.swift */; };
		11DADD5C221CA82B004B92A4 /* Setting.storyboard in Resources */ = {isa = PBXBuildFile; fileRef = 11DADD5B221CA82B004B92A4 /* Setting.storyboard */; };
/* End PBXBuildFile section */

/* Begin PBXContainerItemProxy section */
		11153A9722187CB00064F116 /* PBXContainerItemProxy */ = {
			isa = PBXContainerItemProxy;
			containerPortal = 11153A7A22187CAE0064F116 /* Project object */;
			proxyType = 1;
			remoteGlobalIDString = 11153A8122187CAE0064F116;
			remoteInfo = Challenge;
		};
		11153AA222187CB00064F116 /* PBXContainerItemProxy */ = {
			isa = PBXContainerItemProxy;
			containerPortal = 11153A7A22187CAE0064F116 /* Project object */;
			proxyType = 1;
			remoteGlobalIDString = 11153A8122187CAE0064F116;
			remoteInfo = Challenge;
		};
/* End PBXContainerItemProxy section */

/* Begin PBXFileReference section */
		11153A8222187CAE0064F116 /* Challenge.app */ = {isa = PBXFileReference; explicitFileType = wrapper.application; includeInIndex = 0; path = Challenge.app; sourceTree = BUILT_PRODUCTS_DIR; };
		11153A8522187CAE0064F116 /* AppDelegate.swift */ = {isa = PBXFileReference; lastKnownFileType = sourcecode.swift; path = AppDelegate.swift; sourceTree = "<group>"; };
		11153A9622187CB00064F116 /* ChallengeTests.xctest */ = {isa = PBXFileReference; explicitFileType = wrapper.cfbundle; includeInIndex = 0; path = ChallengeTests.xctest; sourceTree = BUILT_PRODUCTS_DIR; };
		11153A9A22187CB00064F116 /* ChallengeTests.swift */ = {isa = PBXFileReference; lastKnownFileType = sourcecode.swift; path = ChallengeTests.swift; sourceTree = "<group>"; };
		11153A9C22187CB00064F116 /* Info.plist */ = {isa = PBXFileReference; lastKnownFileType = text.plist.xml; path = Info.plist; sourceTree = "<group>"; };
		11153AA122187CB00064F116 /* ChallengeUITests.xctest */ = {isa = PBXFileReference; explicitFileType = wrapper.cfbundle; includeInIndex = 0; path = ChallengeUITests.xctest; sourceTree = BUILT_PRODUCTS_DIR; };
		11153AA522187CB00064F116 /* ChallengeUITests.swift */ = {isa = PBXFileReference; lastKnownFileType = sourcecode.swift; path = ChallengeUITests.swift; sourceTree = "<group>"; };
		11153AA722187CB00064F116 /* Info.plist */ = {isa = PBXFileReference; lastKnownFileType = text.plist.xml; path = Info.plist; sourceTree = "<group>"; };
		11153AC0221880230064F116 /* Assets.xcassets */ = {isa = PBXFileReference; lastKnownFileType = folder.assetcatalog; path = Assets.xcassets; sourceTree = "<group>"; };
		11153AC2221880230064F116 /* Info.plist */ = {isa = PBXFileReference; fileEncoding = 4; lastKnownFileType = text.plist.xml; path = Info.plist; sourceTree = "<group>"; };
		11153AC4221880230064F116 /* LaunchScreen.storyboard */ = {isa = PBXFileReference; fileEncoding = 4; lastKnownFileType = file.storyboard; path = LaunchScreen.storyboard; sourceTree = "<group>"; };
		11153AC5221880230064F116 /* Movie.storyboard */ = {isa = PBXFileReference; fileEncoding = 4; lastKnownFileType = file.storyboard; path = Movie.storyboard; sourceTree = "<group>"; };
		11153ADB2218848F0064F116 /* RxSwift.framework */ = {isa = PBXFileReference; lastKnownFileType = wrapper.framework; name = RxSwift.framework; path = Carthage/Build/iOS/RxSwift.framework; sourceTree = "<group>"; };
		11153ADC221884900064F116 /* SwiftyJSON.framework */ = {isa = PBXFileReference; lastKnownFileType = wrapper.framework; name = SwiftyJSON.framework; path = Carthage/Build/iOS/SwiftyJSON.framework; sourceTree = "<group>"; };
		11153ADD221884900064F116 /* Alamofire.framework */ = {isa = PBXFileReference; lastKnownFileType = wrapper.framework; name = Alamofire.framework; path = Carthage/Build/iOS/Alamofire.framework; sourceTree = "<group>"; };
		11153ADE221884900064F116 /* XCGLogger.framework */ = {isa = PBXFileReference; lastKnownFileType = wrapper.framework; name = XCGLogger.framework; path = Carthage/Build/iOS/XCGLogger.framework; sourceTree = "<group>"; };
		11153ADF221884900064F116 /* ObjcExceptionBridging.framework */ = {isa = PBXFileReference; lastKnownFileType = wrapper.framework; name = ObjcExceptionBridging.framework; path = Carthage/Build/iOS/ObjcExceptionBridging.framework; sourceTree = "<group>"; };
		11153AE1221884900064F116 /* RxCocoa.framework */ = {isa = PBXFileReference; lastKnownFileType = wrapper.framework; name = RxCocoa.framework; path = Carthage/Build/iOS/RxCocoa.framework; sourceTree = "<group>"; };
		11153AE92218852B0064F116 /* Reusable.framework */ = {isa = PBXFileReference; lastKnownFileType = wrapper.framework; name = Reusable.framework; path = Carthage/Build/iOS/Reusable.framework; sourceTree = "<group>"; };
		113439BD221BC8280021EC18 /* MovieDetailViewController.swift */ = {isa = PBXFileReference; lastKnownFileType = sourcecode.swift; path = MovieDetailViewController.swift; sourceTree = "<group>"; };
		113439BF221BC8AD0021EC18 /* MovieDetailRepository.swift */ = {isa = PBXFileReference; lastKnownFileType = sourcecode.swift; path = MovieDetailRepository.swift; sourceTree = "<group>"; };
		113439C1221BC9DD0021EC18 /* MovieDetail.swift */ = {isa = PBXFileReference; lastKnownFileType = sourcecode.swift; path = MovieDetail.swift; sourceTree = "<group>"; };
		113439C3221BCA570021EC18 /* MovieGenre.swift */ = {isa = PBXFileReference; lastKnownFileType = sourcecode.swift; path = MovieGenre.swift; sourceTree = "<group>"; };
		113439C7221BCE2C0021EC18 /* MovieDetailViewModel.swift */ = {isa = PBXFileReference; lastKnownFileType = sourcecode.swift; path = MovieDetailViewModel.swift; sourceTree = "<group>"; };
		113439C9221BD6F30021EC18 /* MovieDetailBackdropTableViewCell.swift */ = {isa = PBXFileReference; lastKnownFileType = sourcecode.swift; path = MovieDetailBackdropTableViewCell.swift; sourceTree = "<group>"; };
		113439CB221BDA850021EC18 /* MovieDetailBaseInfoTableViewCell.swift */ = {isa = PBXFileReference; lastKnownFileType = sourcecode.swift; path = MovieDetailBaseInfoTableViewCell.swift; sourceTree = "<group>"; };
		113439CF221BE1390021EC18 /* MovieDetailSumaryTableViewCell.swift */ = {isa = PBXFileReference; lastKnownFileType = sourcecode.swift; path = MovieDetailSumaryTableViewCell.swift; sourceTree = "<group>"; };
		113439D1221BE79C0021EC18 /* DateHelper.framework */ = {isa = PBXFileReference; lastKnownFileType = wrapper.framework; name = DateHelper.framework; path = Carthage/Build/iOS/DateHelper.framework; sourceTree = "<group>"; };
		113439E1221C00070021EC18 /* MovieType.swift */ = {isa = PBXFileReference; lastKnownFileType = sourcecode.swift; path = MovieType.swift; sourceTree = "<group>"; };
		11488CB922188AC900D07D69 /* Base */ = {isa = PBXFileReference; lastKnownFileType = text.plist.strings; name = Base; path = Base.lproj/Localizable.strings; sourceTree = "<group>"; };
		11488CCA2218EB8B00D07D69 /* NavigationRouter.swift */ = {isa = PBXFileReference; fileEncoding = 4; lastKnownFileType = sourcecode.swift; path = NavigationRouter.swift; sourceTree = "<group>"; };
		11488CCB2218EB8B00D07D69 /* DeepLinkOption.swift */ = {isa = PBXFileReference; fileEncoding = 4; lastKnownFileType = sourcecode.swift; path = DeepLinkOption.swift; sourceTree = "<group>"; };
		11488CCC2218EB8B00D07D69 /* Presentable.swift */ = {isa = PBXFileReference; fileEncoding = 4; lastKnownFileType = sourcecode.swift; path = Presentable.swift; sourceTree = "<group>"; };
		11488CCD2218EB8B00D07D69 /* Router.swift */ = {isa = PBXFileReference; fileEncoding = 4; lastKnownFileType = sourcecode.swift; path = Router.swift; sourceTree = "<group>"; };
		11488CCE2218EB8B00D07D69 /* TabbarRouter.swift */ = {isa = PBXFileReference; fileEncoding = 4; lastKnownFileType = sourcecode.swift; path = TabbarRouter.swift; sourceTree = "<group>"; };
		11488CCF2218EB8B00D07D69 /* Coordinator.swift */ = {isa = PBXFileReference; fileEncoding = 4; lastKnownFileType = sourcecode.swift; path = Coordinator.swift; sourceTree = "<group>"; };
		11488CD62218EBF200D07D69 /* AppDelegate+Config.swift */ = {isa = PBXFileReference; lastKnownFileType = sourcecode.swift; path = "AppDelegate+Config.swift"; sourceTree = "<group>"; };
		11488CDA2218EC4F00D07D69 /* XCGLogger+Ext.swift */ = {isa = PBXFileReference; lastKnownFileType = sourcecode.swift; path = "XCGLogger+Ext.swift"; sourceTree = "<group>"; };
		11488CDC2218ECBC00D07D69 /* Const.swift */ = {isa = PBXFileReference; lastKnownFileType = sourcecode.swift; path = Const.swift; sourceTree = "<group>"; };
		11488CE12218EE2000D07D69 /* NameDescribable.swift */ = {isa = PBXFileReference; lastKnownFileType = sourcecode.swift; path = NameDescribable.swift; sourceTree = "<group>"; };
		11488CE52218EF3600D07D69 /* Array+Ext.swift */ = {isa = PBXFileReference; fileEncoding = 4; lastKnownFileType = sourcecode.swift; path = "Array+Ext.swift"; sourceTree = "<group>"; };
		11488D30221AFC6A00D07D69 /* AppCoordinator.swift */ = {isa = PBXFileReference; fileEncoding = 4; lastKnownFileType = sourcecode.swift; path = AppCoordinator.swift; sourceTree = "<group>"; };
		11488D32221AFCD800D07D69 /* CoordinatorFactory.swift */ = {isa = PBXFileReference; fileEncoding = 4; lastKnownFileType = sourcecode.swift; path = CoordinatorFactory.swift; sourceTree = "<group>"; };
		11488D34221AFCF700D07D69 /* MainCoordinator.swift */ = {isa = PBXFileReference; fileEncoding = 4; lastKnownFileType = sourcecode.swift; path = MainCoordinator.swift; sourceTree = "<group>"; };
		11488D36221AFD2500D07D69 /* AlertCoordinator.swift */ = {isa = PBXFileReference; fileEncoding = 4; lastKnownFileType = sourcecode.swift; path = AlertCoordinator.swift; sourceTree = "<group>"; };
		11488D38221AFD5200D07D69 /* ControllerFactory.swift */ = {isa = PBXFileReference; fileEncoding = 4; lastKnownFileType = sourcecode.swift; path = ControllerFactory.swift; sourceTree = "<group>"; };
		11488D3A221AFD9900D07D69 /* ControllerProtocols.swift */ = {isa = PBXFileReference; fileEncoding = 4; lastKnownFileType = sourcecode.swift; path = ControllerProtocols.swift; sourceTree = "<group>"; };
		11488D3C221AFE2300D07D69 /* CoordinatorProtocols.swift */ = {isa = PBXFileReference; fileEncoding = 4; lastKnownFileType = sourcecode.swift; path = CoordinatorProtocols.swift; sourceTree = "<group>"; };
		11488D3E221AFECA00D07D69 /* AssetsImages.swift */ = {isa = PBXFileReference; fileEncoding = 4; lastKnownFileType = sourcecode.swift; name = AssetsImages.swift; path = Challenge/Generated/AssetsImages.swift; sourceTree = SOURCE_ROOT; };
		11488D40221AFEDC00D07D69 /* StoryboardsScenes.swift */ = {isa = PBXFileReference; fileEncoding = 4; lastKnownFileType = sourcecode.swift; name = StoryboardsScenes.swift; path = Challenge/Generated/StoryboardsScenes.swift; sourceTree = SOURCE_ROOT; };
		11488D42221AFF1B00D07D69 /* Optional+Ext.swift */ = {isa = PBXFileReference; fileEncoding = 4; lastKnownFileType = sourcecode.swift; path = "Optional+Ext.swift"; sourceTree = "<group>"; };
		11488D44221AFF5A00D07D69 /* UIColor+Ext.swift */ = {isa = PBXFileReference; fileEncoding = 4; lastKnownFileType = sourcecode.swift; path = "UIColor+Ext.swift"; sourceTree = "<group>"; };
		11488D46221AFFC000D07D69 /* BaseViewController.swift */ = {isa = PBXFileReference; fileEncoding = 4; lastKnownFileType = sourcecode.swift; path = BaseViewController.swift; sourceTree = "<group>"; };
		11488D48221B019A00D07D69 /* Strings.swift */ = {isa = PBXFileReference; fileEncoding = 4; lastKnownFileType = sourcecode.swift; name = Strings.swift; path = Challenge/Generated/Strings.swift; sourceTree = SOURCE_ROOT; };
		11488D4A221B048400D07D69 /* DataRequest+Ext.swift */ = {isa = PBXFileReference; fileEncoding = 4; lastKnownFileType = sourcecode.swift; path = "DataRequest+Ext.swift"; sourceTree = "<group>"; };
		11488D4B221B048400D07D69 /* SessionManager+Ext.swift */ = {isa = PBXFileReference; fileEncoding = 4; lastKnownFileType = sourcecode.swift; path = "SessionManager+Ext.swift"; sourceTree = "<group>"; };
		11488D55221B051800D07D69 /* ViewState.swift */ = {isa = PBXFileReference; fileEncoding = 4; lastKnownFileType = sourcecode.swift; path = ViewState.swift; sourceTree = "<group>"; };
		11488D5C221B057900D07D69 /* APIState.swift */ = {isa = PBXFileReference; fileEncoding = 4; lastKnownFileType = sourcecode.swift; path = APIState.swift; sourceTree = "<group>"; };
		11488D5D221B057900D07D69 /* MovieAPI.swift */ = {isa = PBXFileReference; fileEncoding = 4; lastKnownFileType = sourcecode.swift; path = MovieAPI.swift; sourceTree = "<group>"; };
		11488D5E221B057900D07D69 /* APIEndpoint.swift */ = {isa = PBXFileReference; fileEncoding = 4; lastKnownFileType = sourcecode.swift; path = APIEndpoint.swift; sourceTree = "<group>"; };
		118001FD2223A75800B67110 /* CoordinatorType.swift */ = {isa = PBXFileReference; lastKnownFileType = sourcecode.swift; path = CoordinatorType.swift; sourceTree = "<group>"; };
		118001FF2223B0C300B67110 /* DetailCastViewController.swift */ = {isa = PBXFileReference; lastKnownFileType = sourcecode.swift; path = DetailCastViewController.swift; sourceTree = "<group>"; };
		1198EAF1221B93AF00A1C625 /* Movie.swift */ = {isa = PBXFileReference; lastKnownFileType = sourcecode.swift; path = Movie.swift; sourceTree = "<group>"; };
		1198EAF3221B95C700A1C625 /* MovieListRepository.swift */ = {isa = PBXFileReference; lastKnownFileType = sourcecode.swift; path = MovieListRepository.swift; sourceTree = "<group>"; };
		1198EAF5221B95EC00A1C625 /* MovieList.swift */ = {isa = PBXFileReference; lastKnownFileType = sourcecode.swift; path = MovieList.swift; sourceTree = "<group>"; };
		1198EAF7221B979A00A1C625 /* MovieListViewModel.swift */ = {isa = PBXFileReference; lastKnownFileType = sourcecode.swift; path = MovieListViewModel.swift; sourceTree = "<group>"; };
		1198EAF9221B983A00A1C625 /* MovieListViewController.swift */ = {isa = PBXFileReference; lastKnownFileType = sourcecode.swift; path = MovieListViewController.swift; sourceTree = "<group>"; };
		1198EAFB221B98EF00A1C625 /* MovieListTableViewCell.swift */ = {isa = PBXFileReference; lastKnownFileType = sourcecode.swift; path = MovieListTableViewCell.swift; sourceTree = "<group>"; };
		1198EAFD221B9B1800A1C625 /* ChallengeModelTests.swift */ = {isa = PBXFileReference; lastKnownFileType = sourcecode.swift; path = ChallengeModelTests.swift; sourceTree = "<group>"; };
		1198EAFF221B9E1700A1C625 /* Main.storyboard */ = {isa = PBXFileReference; lastKnownFileType = file.storyboard; path = Main.storyboard; sourceTree = "<group>"; };
		1198EB01221B9E6D00A1C625 /* MovieCoordinator.swift */ = {isa = PBXFileReference; lastKnownFileType = sourcecode.swift; path = MovieCoordinator.swift; sourceTree = "<group>"; };
		11DADD2C221C0CE4004B92A4 /* Configuration.swift */ = {isa = PBXFileReference; lastKnownFileType = sourcecode.swift; path = Configuration.swift; sourceTree = "<group>"; };
		11DADD31221C0FC6004B92A4 /* ImageService.swift */ = {isa = PBXFileReference; lastKnownFileType = sourcecode.swift; path = ImageService.swift; sourceTree = "<group>"; };
		11DADD33221C111A004B92A4 /* Kingfisher.framework */ = {isa = PBXFileReference; lastKnownFileType = wrapper.framework; name = Kingfisher.framework; path = Carthage/Build/iOS/Kingfisher.framework; sourceTree = "<group>"; };
		11DADD35221C2363004B92A4 /* configuration.json */ = {isa = PBXFileReference; fileEncoding = 4; lastKnownFileType = text.json; path = configuration.json; sourceTree = "<group>"; };
		11DADD39221C432A004B92A4 /* ImageConfigurationRepository.swift */ = {isa = PBXFileReference; lastKnownFileType = sourcecode.swift; path = ImageConfigurationRepository.swift; sourceTree = "<group>"; };
		11DADD3D221C5D46004B92A4 /* MovieCredits.swift */ = {isa = PBXFileReference; lastKnownFileType = sourcecode.swift; path = MovieCredits.swift; sourceTree = "<group>"; };
		11DADD3F221C60DD004B92A4 /* MovieCreditsRepository.swift */ = {isa = PBXFileReference; lastKnownFileType = sourcecode.swift; path = MovieCreditsRepository.swift; sourceTree = "<group>"; };
		11DADD41221C6E7F004B92A4 /* MovieDetailCastTableViewCell.swift */ = {isa = PBXFileReference; lastKnownFileType = sourcecode.swift; path = MovieDetailCastTableViewCell.swift; sourceTree = "<group>"; };
		11DADD43221C6E96004B92A4 /* MovieDetailDirectorTableViewCell.swift */ = {isa = PBXFileReference; lastKnownFileType = sourcecode.swift; path = MovieDetailDirectorTableViewCell.swift; sourceTree = "<group>"; };
		11DADD45221C7D64004B92A4 /* MovieDetailTableHeaderView.swift */ = {isa = PBXFileReference; lastKnownFileType = sourcecode.swift; path = MovieDetailTableHeaderView.swift; sourceTree = "<group>"; };
		11DADD47221C7E11004B92A4 /* MovieDetailTableHeaderView.xib */ = {isa = PBXFileReference; lastKnownFileType = file.xib; path = MovieDetailTableHeaderView.xib; sourceTree = "<group>"; };
		11DADD49221C84F7004B92A4 /* CastAndCrewViewModel.swift */ = {isa = PBXFileReference; lastKnownFileType = sourcecode.swift; path = CastAndCrewViewModel.swift; sourceTree = "<group>"; };
		11DADD4B221C852E004B92A4 /* CastAndCrewViewController.swift */ = {isa = PBXFileReference; lastKnownFileType = sourcecode.swift; path = CastAndCrewViewController.swift; sourceTree = "<group>"; };
		11DADD4D221C9521004B92A4 /* Person.swift */ = {isa = PBXFileReference; lastKnownFileType = sourcecode.swift; path = Person.swift; sourceTree = "<group>"; };
		11DADD4F221C96E5004B92A4 /* CastAndCrewPeopleTableViewCell.swift */ = {isa = PBXFileReference; lastKnownFileType = sourcecode.swift; path = CastAndCrewPeopleTableViewCell.swift; sourceTree = "<group>"; };
		11DADD51221C9E87004B92A4 /* ViewSuspendable.swift */ = {isa = PBXFileReference; lastKnownFileType = sourcecode.swift; path = ViewSuspendable.swift; sourceTree = "<group>"; };
		11DADD54221CA67F004B92A4 /* SettingViewController.swift */ = {isa = PBXFileReference; lastKnownFileType = sourcecode.swift; path = SettingViewController.swift; sourceTree = "<group>"; };
		11DADD56221CA69D004B92A4 /* SettingCoordinator.swift */ = {isa = PBXFileReference; lastKnownFileType = sourcecode.swift; path = SettingCoordinator.swift; sourceTree = "<group>"; };
		11DADD59221CA6CB004B92A4 /* SettingViewModel.swift */ = {isa = PBXFileReference; lastKnownFileType = sourcecode.swift; path = SettingViewModel.swift; sourceTree = "<group>"; };
		11DADD5B221CA82B004B92A4 /* Setting.storyboard */ = {isa = PBXFileReference; fileEncoding = 4; lastKnownFileType = file.storyboard; path = Setting.storyboard; sourceTree = "<group>"; };
/* End PBXFileReference section */

/* Begin PBXFrameworksBuildPhase section */
		11153A7F22187CAE0064F116 /* Frameworks */ = {
			isa = PBXFrameworksBuildPhase;
			buildActionMask = 2147483647;
			files = (
				11DADD34221C111A004B92A4 /* Kingfisher.framework in Frameworks */,
				113439D2221BE79C0021EC18 /* DateHelper.framework in Frameworks */,
				11153AEA2218852B0064F116 /* Reusable.framework in Frameworks */,
				11153AE2221884900064F116 /* RxSwift.framework in Frameworks */,
				11153AE3221884900064F116 /* SwiftyJSON.framework in Frameworks */,
				11153AE4221884900064F116 /* Alamofire.framework in Frameworks */,
				11153AE5221884900064F116 /* XCGLogger.framework in Frameworks */,
				11153AE6221884900064F116 /* ObjcExceptionBridging.framework in Frameworks */,
				11153AE8221884900064F116 /* RxCocoa.framework in Frameworks */,
			);
			runOnlyForDeploymentPostprocessing = 0;
		};
		11153A9322187CB00064F116 /* Frameworks */ = {
			isa = PBXFrameworksBuildPhase;
			buildActionMask = 2147483647;
			files = (
			);
			runOnlyForDeploymentPostprocessing = 0;
		};
		11153A9E22187CB00064F116 /* Frameworks */ = {
			isa = PBXFrameworksBuildPhase;
			buildActionMask = 2147483647;
			files = (
			);
			runOnlyForDeploymentPostprocessing = 0;
		};
/* End PBXFrameworksBuildPhase section */

/* Begin PBXGroup section */
		11153A7922187CAE0064F116 = {
			isa = PBXGroup;
			children = (
				11153A8422187CAE0064F116 /* Challenge */,
				11153A9922187CB00064F116 /* ChallengeTests */,
				11153AA422187CB00064F116 /* ChallengeUITests */,
				11153A8322187CAE0064F116 /* Products */,
				11153ADA2218848F0064F116 /* Frameworks */,
			);
			sourceTree = "<group>";
		};
		11153A8322187CAE0064F116 /* Products */ = {
			isa = PBXGroup;
			children = (
				11153A8222187CAE0064F116 /* Challenge.app */,
				11153A9622187CB00064F116 /* ChallengeTests.xctest */,
				11153AA122187CB00064F116 /* ChallengeUITests.xctest */,
			);
			name = Products;
			sourceTree = "<group>";
		};
		11153A8422187CAE0064F116 /* Challenge */ = {
			isa = PBXGroup;
			children = (
				11153A8522187CAE0064F116 /* AppDelegate.swift */,
				11488CD62218EBF200D07D69 /* AppDelegate+Config.swift */,
				11488CC82218EB3E00D07D69 /* Coordinators */,
				11488D58221B057900D07D69 /* Networking */,
				11DADD30221C0F88004B92A4 /* Services */,
				11488D4E221B049F00D07D69 /* Models */,
				11488D53221B04F700D07D69 /* ViewModels */,
				11153AC6221880230064F116 /* Controllers */,
				11488D64221B099400D07D69 /* Views */,
				11153AC3221880230064F116 /* Storyboards */,
				11488CD82218EC3600D07D69 /* Ultilities */,
				11153ABF221880230064F116 /* Resources */,
				11153AC1221880230064F116 /* Supporting Files */,
			);
			path = Challenge;
			sourceTree = "<group>";
		};
		11153A9922187CB00064F116 /* ChallengeTests */ = {
			isa = PBXGroup;
			children = (
				11153A9A22187CB00064F116 /* ChallengeTests.swift */,
				1198EAFD221B9B1800A1C625 /* ChallengeModelTests.swift */,
				11153A9C22187CB00064F116 /* Info.plist */,
			);
			path = ChallengeTests;
			sourceTree = "<group>";
		};
		11153AA422187CB00064F116 /* ChallengeUITests */ = {
			isa = PBXGroup;
			children = (
				11153AA522187CB00064F116 /* ChallengeUITests.swift */,
				11153AA722187CB00064F116 /* Info.plist */,
			);
			path = ChallengeUITests;
			sourceTree = "<group>";
		};
		11153ABF221880230064F116 /* Resources */ = {
			isa = PBXGroup;
			children = (
				11DADD35221C2363004B92A4 /* configuration.json */,
				11488CB52218860F00D07D69 /* Localize */,
				11488CB2221885F100D07D69 /* Assets */,
				11488CDC2218ECBC00D07D69 /* Const.swift */,
			);
			path = Resources;
			sourceTree = "<group>";
		};
		11153AC1221880230064F116 /* Supporting Files */ = {
			isa = PBXGroup;
			children = (
				11153AC2221880230064F116 /* Info.plist */,
			);
			path = "Supporting Files";
			sourceTree = "<group>";
		};
		11153AC3221880230064F116 /* Storyboards */ = {
			isa = PBXGroup;
			children = (
				11488D40221AFEDC00D07D69 /* StoryboardsScenes.swift */,
				11153AC4221880230064F116 /* LaunchScreen.storyboard */,
				11153AC5221880230064F116 /* Movie.storyboard */,
				11DADD5B221CA82B004B92A4 /* Setting.storyboard */,
				1198EAFF221B9E1700A1C625 /* Main.storyboard */,
			);
			path = Storyboards;
			sourceTree = "<group>";
		};
		11153AC6221880230064F116 /* Controllers */ = {
			isa = PBXGroup;
			children = (
				11488D38221AFD5200D07D69 /* ControllerFactory.swift */,
				113439DF221BFFDB0021EC18 /* Base */,
				113439DC221BFF820021EC18 /* Movie */,
				11DADD53221CA654004B92A4 /* Setting */,
			);
			path = Controllers;
			sourceTree = "<group>";
		};
		11153ADA2218848F0064F116 /* Frameworks */ = {
			isa = PBXGroup;
			children = (
				11DADD33221C111A004B92A4 /* Kingfisher.framework */,
				113439D1221BE79C0021EC18 /* DateHelper.framework */,
				11153AE92218852B0064F116 /* Reusable.framework */,
				11153ADD221884900064F116 /* Alamofire.framework */,
				11153ADF221884900064F116 /* ObjcExceptionBridging.framework */,
				11153AE1221884900064F116 /* RxCocoa.framework */,
				11153ADB2218848F0064F116 /* RxSwift.framework */,
				11153ADC221884900064F116 /* SwiftyJSON.framework */,
				11153ADE221884900064F116 /* XCGLogger.framework */,
			);
			name = Frameworks;
			sourceTree = "<group>";
		};
		113439DA221BFF570021EC18 /* Movie */ = {
			isa = PBXGroup;
			children = (
				1198EAFB221B98EF00A1C625 /* MovieListTableViewCell.swift */,
				113439C9221BD6F30021EC18 /* MovieDetailBackdropTableViewCell.swift */,
				113439CB221BDA850021EC18 /* MovieDetailBaseInfoTableViewCell.swift */,
				113439CF221BE1390021EC18 /* MovieDetailSumaryTableViewCell.swift */,
				11DADD41221C6E7F004B92A4 /* MovieDetailCastTableViewCell.swift */,
				11DADD43221C6E96004B92A4 /* MovieDetailDirectorTableViewCell.swift */,
				11DADD45221C7D64004B92A4 /* MovieDetailTableHeaderView.swift */,
				11DADD47221C7E11004B92A4 /* MovieDetailTableHeaderView.xib */,
				11DADD4F221C96E5004B92A4 /* CastAndCrewPeopleTableViewCell.swift */,
			);
			name = Movie;
			sourceTree = "<group>";
		};
		113439DC221BFF820021EC18 /* Movie */ = {
			isa = PBXGroup;
			children = (
				1198EAF9221B983A00A1C625 /* MovieListViewController.swift */,
				113439BD221BC8280021EC18 /* MovieDetailViewController.swift */,
				11DADD4B221C852E004B92A4 /* CastAndCrewViewController.swift */,
				118001FF2223B0C300B67110 /* DetailCastViewController.swift */,
			);
			name = Movie;
			sourceTree = "<group>";
		};
		113439DE221BFFA10021EC18 /* Movie */ = {
			isa = PBXGroup;
			children = (
				1198EAF7221B979A00A1C625 /* MovieListViewModel.swift */,
				113439C7221BCE2C0021EC18 /* MovieDetailViewModel.swift */,
				11DADD49221C84F7004B92A4 /* CastAndCrewViewModel.swift */,
			);
			name = Movie;
			sourceTree = "<group>";
		};
		113439DF221BFFDB0021EC18 /* Base */ = {
			isa = PBXGroup;
			children = (
				11488D3A221AFD9900D07D69 /* ControllerProtocols.swift */,
				11488D46221AFFC000D07D69 /* BaseViewController.swift */,
			);
			name = Base;
			sourceTree = "<group>";
		};
		113439E0221BFFF70021EC18 /* Base */ = {
			isa = PBXGroup;
			children = (
				113439E1221C00070021EC18 /* MovieType.swift */,
			);
			name = Base;
			sourceTree = "<group>";
		};
		113439E3221C001C0021EC18 /* Base */ = {
			isa = PBXGroup;
			children = (
				11488D55221B051800D07D69 /* ViewState.swift */,
			);
			name = Base;
			sourceTree = "<group>";
		};
		11488CB2221885F100D07D69 /* Assets */ = {
			isa = PBXGroup;
			children = (
				11488D3E221AFECA00D07D69 /* AssetsImages.swift */,
				11153AC0221880230064F116 /* Assets.xcassets */,
			);
			name = Assets;
			sourceTree = "<group>";
		};
		11488CB52218860F00D07D69 /* Localize */ = {
			isa = PBXGroup;
			children = (
				11488D48221B019A00D07D69 /* Strings.swift */,
				11488CB822188AC900D07D69 /* Localizable.strings */,
			);
			name = Localize;
			sourceTree = "<group>";
		};
		11488CC82218EB3E00D07D69 /* Coordinators */ = {
			isa = PBXGroup;
			children = (
				11488CC92218EB8B00D07D69 /* CoordinatorKit */,
				11488D3C221AFE2300D07D69 /* CoordinatorProtocols.swift */,
				11488D32221AFCD800D07D69 /* CoordinatorFactory.swift */,
				11488D30221AFC6A00D07D69 /* AppCoordinator.swift */,
				11488D34221AFCF700D07D69 /* MainCoordinator.swift */,
				1198EB01221B9E6D00A1C625 /* MovieCoordinator.swift */,
				11DADD56221CA69D004B92A4 /* SettingCoordinator.swift */,
				11488D36221AFD2500D07D69 /* AlertCoordinator.swift */,
			);
			path = Coordinators;
			sourceTree = "<group>";
		};
		11488CC92218EB8B00D07D69 /* CoordinatorKit */ = {
			isa = PBXGroup;
			children = (
				118001FD2223A75800B67110 /* CoordinatorType.swift */,
				11488CCF2218EB8B00D07D69 /* Coordinator.swift */,
				11488CCD2218EB8B00D07D69 /* Router.swift */,
				11488CCA2218EB8B00D07D69 /* NavigationRouter.swift */,
				11488CCE2218EB8B00D07D69 /* TabbarRouter.swift */,
				11488CCC2218EB8B00D07D69 /* Presentable.swift */,
				11488CCB2218EB8B00D07D69 /* DeepLinkOption.swift */,
			);
			path = CoordinatorKit;
			sourceTree = "<group>";
		};
		11488CD82218EC3600D07D69 /* Ultilities */ = {
			isa = PBXGroup;
			children = (
				11488CE02218EE1000D07D69 /* Helpers */,
				11488CD92218EC4300D07D69 /* Extensions */,
			);
			path = Ultilities;
			sourceTree = "<group>";
		};
		11488CD92218EC4300D07D69 /* Extensions */ = {
			isa = PBXGroup;
			children = (
				11488D4A221B048400D07D69 /* DataRequest+Ext.swift */,
				11488D4B221B048400D07D69 /* SessionManager+Ext.swift */,
				11488D42221AFF1B00D07D69 /* Optional+Ext.swift */,
				11488CE52218EF3600D07D69 /* Array+Ext.swift */,
				11488CDA2218EC4F00D07D69 /* XCGLogger+Ext.swift */,
				11488D44221AFF5A00D07D69 /* UIColor+Ext.swift */,
			);
			path = Extensions;
			sourceTree = "<group>";
		};
		11488CE02218EE1000D07D69 /* Helpers */ = {
			isa = PBXGroup;
			children = (
				11488CE12218EE2000D07D69 /* NameDescribable.swift */,
				11DADD51221C9E87004B92A4 /* ViewSuspendable.swift */,
			);
			path = Helpers;
			sourceTree = "<group>";
		};
		11488D4E221B049F00D07D69 /* Models */ = {
			isa = PBXGroup;
			children = (
				113439E0221BFFF70021EC18 /* Base */,
				1198EAF5221B95EC00A1C625 /* MovieList.swift */,
				11DADD3D221C5D46004B92A4 /* MovieCredits.swift */,
				1198EAF1221B93AF00A1C625 /* Movie.swift */,
				113439C1221BC9DD0021EC18 /* MovieDetail.swift */,
				113439C3221BCA570021EC18 /* MovieGenre.swift */,
				11DADD2C221C0CE4004B92A4 /* Configuration.swift */,
				11DADD4D221C9521004B92A4 /* Person.swift */,
			);
			path = Models;
			sourceTree = "<group>";
		};
		11488D53221B04F700D07D69 /* ViewModels */ = {
			isa = PBXGroup;
			children = (
				113439E3221C001C0021EC18 /* Base */,
				113439DE221BFFA10021EC18 /* Movie */,
				11DADD58221CA6B6004B92A4 /* Setting */,
			);
			path = ViewModels;
			sourceTree = "<group>";
		};
		11488D58221B057900D07D69 /* Networking */ = {
			isa = PBXGroup;
			children = (
				1198EB03221BA18500A1C625 /* APIKit */,
				11488D5D221B057900D07D69 /* MovieAPI.swift */,
				11488D59221B057900D07D69 /* Repositories */,
			);
			path = Networking;
			sourceTree = "<group>";
		};
		11488D59221B057900D07D69 /* Repositories */ = {
			isa = PBXGroup;
			children = (
				1198EAF3221B95C700A1C625 /* MovieListRepository.swift */,
				113439BF221BC8AD0021EC18 /* MovieDetailRepository.swift */,
				11DADD39221C432A004B92A4 /* ImageConfigurationRepository.swift */,
				11DADD3F221C60DD004B92A4 /* MovieCreditsRepository.swift */,
			);
			path = Repositories;
			sourceTree = "<group>";
		};
		11488D64221B099400D07D69 /* Views */ = {
			isa = PBXGroup;
			children = (
				113439DA221BFF570021EC18 /* Movie */,
			);
			path = Views;
			sourceTree = "<group>";
		};
		1198EB03221BA18500A1C625 /* APIKit */ = {
			isa = PBXGroup;
			children = (
				11488D5C221B057900D07D69 /* APIState.swift */,
				11488D5E221B057900D07D69 /* APIEndpoint.swift */,
			);
			path = APIKit;
			sourceTree = "<group>";
		};
		11DADD30221C0F88004B92A4 /* Services */ = {
			isa = PBXGroup;
			children = (
				11DADD31221C0FC6004B92A4 /* ImageService.swift */,
			);
			path = Services;
			sourceTree = "<group>";
		};
		11DADD53221CA654004B92A4 /* Setting */ = {
			isa = PBXGroup;
			children = (
				11DADD54221CA67F004B92A4 /* SettingViewController.swift */,
			);
			name = Setting;
			sourceTree = "<group>";
		};
		11DADD58221CA6B6004B92A4 /* Setting */ = {
			isa = PBXGroup;
			children = (
				11DADD59221CA6CB004B92A4 /* SettingViewModel.swift */,
			);
			name = Setting;
			sourceTree = "<group>";
		};
/* End PBXGroup section */

/* Begin PBXNativeTarget section */
		11153A8122187CAE0064F116 /* Challenge */ = {
			isa = PBXNativeTarget;
			buildConfigurationList = 11153AAA22187CB00064F116 /* Build configuration list for PBXNativeTarget "Challenge" */;
			buildPhases = (
				11153AB322187D860064F116 /* Run Script - SwiftFormat */,
				11153AB422187DAD0064F116 /* Run Script - SwiftGen */,
				11153A7E22187CAE0064F116 /* Sources */,
				11153A7F22187CAE0064F116 /* Frameworks */,
				11153A8022187CAE0064F116 /* Resources */,
				11153AB622187E030064F116 /* Run Script - Carthage */,
				11153AB522187DD10064F116 /* Run Script - SwiftLint */,
			);
			buildRules = (
			);
			dependencies = (
			);
			name = Challenge;
			productName = Challenge;
			productReference = 11153A8222187CAE0064F116 /* Challenge.app */;
			productType = "com.apple.product-type.application";
		};
		11153A9522187CB00064F116 /* ChallengeTests */ = {
			isa = PBXNativeTarget;
			buildConfigurationList = 11153AAD22187CB00064F116 /* Build configuration list for PBXNativeTarget "ChallengeTests" */;
			buildPhases = (
				11153A9222187CB00064F116 /* Sources */,
				11153A9322187CB00064F116 /* Frameworks */,
				11153A9422187CB00064F116 /* Resources */,
			);
			buildRules = (
			);
			dependencies = (
				11153A9822187CB00064F116 /* PBXTargetDependency */,
			);
			name = ChallengeTests;
			productName = ChallengeTests;
			productReference = 11153A9622187CB00064F116 /* ChallengeTests.xctest */;
			productType = "com.apple.product-type.bundle.unit-test";
		};
		11153AA022187CB00064F116 /* ChallengeUITests */ = {
			isa = PBXNativeTarget;
			buildConfigurationList = 11153AB022187CB00064F116 /* Build configuration list for PBXNativeTarget "ChallengeUITests" */;
			buildPhases = (
				11153A9D22187CB00064F116 /* Sources */,
				11153A9E22187CB00064F116 /* Frameworks */,
				11153A9F22187CB00064F116 /* Resources */,
			);
			buildRules = (
			);
			dependencies = (
				11153AA322187CB00064F116 /* PBXTargetDependency */,
			);
			name = ChallengeUITests;
			productName = ChallengeUITests;
			productReference = 11153AA122187CB00064F116 /* ChallengeUITests.xctest */;
			productType = "com.apple.product-type.bundle.ui-testing";
		};
/* End PBXNativeTarget section */

/* Begin PBXProject section */
		11153A7A22187CAE0064F116 /* Project object */ = {
			isa = PBXProject;
			attributes = {
				LastSwiftUpdateCheck = 1010;
				LastUpgradeCheck = 1010;
				ORGANIZATIONNAME = Nah;
				TargetAttributes = {
					11153A8122187CAE0064F116 = {
						CreatedOnToolsVersion = 10.1;
					};
					11153A9522187CB00064F116 = {
						CreatedOnToolsVersion = 10.1;
						TestTargetID = 11153A8122187CAE0064F116;
					};
					11153AA022187CB00064F116 = {
						CreatedOnToolsVersion = 10.1;
						TestTargetID = 11153A8122187CAE0064F116;
					};
				};
			};
			buildConfigurationList = 11153A7D22187CAE0064F116 /* Build configuration list for PBXProject "Challenge" */;
			compatibilityVersion = "Xcode 9.3";
			developmentRegion = en;
			hasScannedForEncodings = 0;
			knownRegions = (
				Base,
				vi,
				en,
			);
			mainGroup = 11153A7922187CAE0064F116;
			productRefGroup = 11153A8322187CAE0064F116 /* Products */;
			projectDirPath = "";
			projectRoot = "";
			targets = (
				11153A8122187CAE0064F116 /* Challenge */,
				11153A9522187CB00064F116 /* ChallengeTests */,
				11153AA022187CB00064F116 /* ChallengeUITests */,
			);
		};
/* End PBXProject section */

/* Begin PBXResourcesBuildPhase section */
		11153A8022187CAE0064F116 /* Resources */ = {
			isa = PBXResourcesBuildPhase;
			buildActionMask = 2147483647;
			files = (
				11153AC8221880230064F116 /* Assets.xcassets in Resources */,
				1198EB00221B9E1700A1C625 /* Main.storyboard in Resources */,
				11488CBA22188AC900D07D69 /* Localizable.strings in Resources */,
				11153ACB221880230064F116 /* Movie.storyboard in Resources */,
				11153ACA221880230064F116 /* LaunchScreen.storyboard in Resources */,
				11DADD36221C2363004B92A4 /* configuration.json in Resources */,
				11DADD48221C7E11004B92A4 /* MovieDetailTableHeaderView.xib in Resources */,
				11DADD5C221CA82B004B92A4 /* Setting.storyboard in Resources */,
			);
			runOnlyForDeploymentPostprocessing = 0;
		};
		11153A9422187CB00064F116 /* Resources */ = {
			isa = PBXResourcesBuildPhase;
			buildActionMask = 2147483647;
			files = (
			);
			runOnlyForDeploymentPostprocessing = 0;
		};
		11153A9F22187CB00064F116 /* Resources */ = {
			isa = PBXResourcesBuildPhase;
			buildActionMask = 2147483647;
			files = (
			);
			runOnlyForDeploymentPostprocessing = 0;
		};
/* End PBXResourcesBuildPhase section */

/* Begin PBXShellScriptBuildPhase section */
		11153AB322187D860064F116 /* Run Script - SwiftFormat */ = {
			isa = PBXShellScriptBuildPhase;
			buildActionMask = 2147483647;
			files = (
			);
			inputFileListPaths = (
			);
			inputPaths = (
			);
			name = "Run Script - SwiftFormat";
			outputFileListPaths = (
			);
			outputPaths = (
			);
			runOnlyForDeploymentPostprocessing = 0;
			shellPath = /bin/sh;
			shellScript = "echo \"SwiftFormat is disabled.\"; exit 0\n\nif which swiftformat >/dev/null; then\nswiftformat \"${SRCROOT}/$PROJECT_NAME\" --config \"${SRCROOT}/.swiftformat\"\nswiftformat \"${SRCROOT}/ChallengeTests\" --config \"${SRCROOT}/.swiftformat\"\nswiftformat \"${SRCROOT}/ChallengeUITests\" --config \"${SRCROOT}/.swiftformat\"\nelse\necho \"warning: SwiftFormat not installed, download from https://github.com/nicklockwood/SwiftFormat\"\nfi\n";
		};
		11153AB422187DAD0064F116 /* Run Script - SwiftGen */ = {
			isa = PBXShellScriptBuildPhase;
			buildActionMask = 2147483647;
			files = (
			);
			inputFileListPaths = (
			);
			inputPaths = (
			);
			name = "Run Script - SwiftGen";
			outputFileListPaths = (
			);
			outputPaths = (
			);
			runOnlyForDeploymentPostprocessing = 0;
			shellPath = /bin/sh;
			shellScript = "#echo \"SwiftGen is disabled.\"; exit 0\n\nif which swiftgen >/dev/null; then\nswiftgen config run\nelse\necho \"warning: SwiftGen not installed, download from https://github.com/SwiftGen/SwiftGen\"\nfi\n\n";
		};
		11153AB522187DD10064F116 /* Run Script - SwiftLint */ = {
			isa = PBXShellScriptBuildPhase;
			buildActionMask = 2147483647;
			files = (
			);
			inputFileListPaths = (
			);
			inputPaths = (
			);
			name = "Run Script - SwiftLint";
			outputFileListPaths = (
			);
			outputPaths = (
			);
			runOnlyForDeploymentPostprocessing = 0;
			shellPath = /bin/sh;
			shellScript = "#echo \"SwiftLint is disabled.\"; exit 0\n\nif which swiftlint >/dev/null; then\nswiftlint\nelse\necho \"warning: SwiftLint not installed, download from https://github.com/realm/SwiftLint\"\nfi\n";
		};
		11153AB622187E030064F116 /* Run Script - Carthage */ = {
			isa = PBXShellScriptBuildPhase;
			buildActionMask = 2147483647;
			files = (
			);
			inputFileListPaths = (
			);
			inputPaths = (
				"$(SRCROOT)/Carthage/Build/iOS/Alamofire.framework",
				"$(SRCROOT)/Carthage/Build/iOS/SwiftyJSON.framework",
				"$(SRCROOT)/Carthage/Build/iOS/RxCocoa.framework",
				"$(SRCROOT)/Carthage/Build/iOS/RxSwift.framework",
				"$(SRCROOT)/Carthage/Build/iOS/XCGLogger.framework",
				"$(SRCROOT)/Carthage/Build/iOS/ObjcExceptionBridging.framework",
				"$(SRCROOT)/Carthage/Build/iOS/SwiftyUserDefaults.framework",
				"$(SRCROOT)/Carthage/Build/iOS/Reusable.framework",
				"$(SRCROOT)/Carthage/Build/iOS/DateHelper.framework",
				"$(SRCROOT)/Carthage/Build/iOS/Kingfisher.framework",
			);
			name = "Run Script - Carthage";
			outputFileListPaths = (
			);
			outputPaths = (
				"$(BUILT_PRODUCTS_DIR)/$(FRAMEWORKS_FOLDER_PATH)/Alamofire.framework",
				"$(BUILT_PRODUCTS_DIR)/$(FRAMEWORKS_FOLDER_PATH)/SwiftyJSON.framework",
				"$(BUILT_PRODUCTS_DIR)/$(FRAMEWORKS_FOLDER_PATH)/RxCocoa.framework",
				"$(BUILT_PRODUCTS_DIR)/$(FRAMEWORKS_FOLDER_PATH)/RxSwift.framework",
				"$(BUILT_PRODUCTS_DIR)/$(FRAMEWORKS_FOLDER_PATH)/XCGLogger.framework",
				"$(BUILT_PRODUCTS_DIR)/$(FRAMEWORKS_FOLDER_PATH)/ObjcExceptionBridging.framework",
				"$(BUILT_PRODUCTS_DIR)/$(FRAMEWORKS_FOLDER_PATH)/SwiftyUserDefaults.framework",
				"$(BUILT_PRODUCTS_DIR)/$(FRAMEWORKS_FOLDER_PATH)/Reusable.framework",
				"$(BUILT_PRODUCTS_DIR)/$(FRAMEWORKS_FOLDER_PATH)/DateHelper.framework",
				"$(BUILT_PRODUCTS_DIR)/$(FRAMEWORKS_FOLDER_PATH)/Kingfisher.framework",
			);
			runOnlyForDeploymentPostprocessing = 0;
			shellPath = /bin/sh;
			shellScript = "/usr/local/bin/carthage copy-frameworks\n";
		};
/* End PBXShellScriptBuildPhase section */

/* Begin PBXSourcesBuildPhase section */
		11153A7E22187CAE0064F116 /* Sources */ = {
			isa = PBXSourcesBuildPhase;
			buildActionMask = 2147483647;
			files = (
				1198EAF2221B93AF00A1C625 /* Movie.swift in Sources */,
				11DADD55221CA67F004B92A4 /* SettingViewController.swift in Sources */,
				11488D41221AFEDC00D07D69 /* StoryboardsScenes.swift in Sources */,
				1198EAF4221B95C700A1C625 /* MovieListRepository.swift in Sources */,
				11488CE22218EE2000D07D69 /* NameDescribable.swift in Sources */,
				113439D0221BE1390021EC18 /* MovieDetailSumaryTableViewCell.swift in Sources */,
				113439BE221BC8280021EC18 /* MovieDetailViewController.swift in Sources */,
				11DADD42221C6E7F004B92A4 /* MovieDetailCastTableViewCell.swift in Sources */,
				11488D62221B057900D07D69 /* MovieAPI.swift in Sources */,
				1198EAFC221B98EF00A1C625 /* MovieListTableViewCell.swift in Sources */,
				11488D61221B057900D07D69 /* APIState.swift in Sources */,
				11488CD42218EB8B00D07D69 /* TabbarRouter.swift in Sources */,
				11DADD4C221C852E004B92A4 /* CastAndCrewViewController.swift in Sources */,
				11488D31221AFC6A00D07D69 /* AppCoordinator.swift in Sources */,
				11488CD02218EB8B00D07D69 /* NavigationRouter.swift in Sources */,
				11488D4C221B048400D07D69 /* DataRequest+Ext.swift in Sources */,
				11488D57221B051800D07D69 /* ViewState.swift in Sources */,
				11DADD3A221C432A004B92A4 /* ImageConfigurationRepository.swift in Sources */,
				11488D3B221AFD9900D07D69 /* ControllerProtocols.swift in Sources */,
				11488CD32218EB8B00D07D69 /* Router.swift in Sources */,
				11488D45221AFF5A00D07D69 /* UIColor+Ext.swift in Sources */,
				11488D39221AFD5200D07D69 /* ControllerFactory.swift in Sources */,
				118001FE2223A75800B67110 /* CoordinatorType.swift in Sources */,
				11488D49221B019A00D07D69 /* Strings.swift in Sources */,
				11488CD12218EB8B00D07D69 /* DeepLinkOption.swift in Sources */,
				11488CDB2218EC4F00D07D69 /* XCGLogger+Ext.swift in Sources */,
				11488D63221B057900D07D69 /* APIEndpoint.swift in Sources */,
				113439C2221BC9DD0021EC18 /* MovieDetail.swift in Sources */,
				11488CD52218EB8B00D07D69 /* Coordinator.swift in Sources */,
				11488D47221AFFC000D07D69 /* BaseViewController.swift in Sources */,
				11DADD57221CA69D004B92A4 /* SettingCoordinator.swift in Sources */,
				1198EAF6221B95EC00A1C625 /* MovieList.swift in Sources */,
				11488D3D221AFE2300D07D69 /* CoordinatorProtocols.swift in Sources */,
				113439E2221C00070021EC18 /* MovieType.swift in Sources */,
				11DADD4E221C9521004B92A4 /* Person.swift in Sources */,
				118002002223B0C300B67110 /* DetailCastViewController.swift in Sources */,
				11488CD72218EBF200D07D69 /* AppDelegate+Config.swift in Sources */,
				1198EAF8221B979A00A1C625 /* MovieListViewModel.swift in Sources */,
				11488D37221AFD2500D07D69 /* AlertCoordinator.swift in Sources */,
				11153A8622187CAE0064F116 /* AppDelegate.swift in Sources */,
				11488D35221AFCF800D07D69 /* MainCoordinator.swift in Sources */,
				11488CE62218EF3700D07D69 /* Array+Ext.swift in Sources */,
				11488D4D221B048400D07D69 /* SessionManager+Ext.swift in Sources */,
				11488D33221AFCD800D07D69 /* CoordinatorFactory.swift in Sources */,
				113439C4221BCA570021EC18 /* MovieGenre.swift in Sources */,
				11DADD5A221CA6CB004B92A4 /* SettingViewModel.swift in Sources */,
				11DADD46221C7D64004B92A4 /* MovieDetailTableHeaderView.swift in Sources */,
				11DADD4A221C84F7004B92A4 /* CastAndCrewViewModel.swift in Sources */,
				113439C0221BC8AD0021EC18 /* MovieDetailRepository.swift in Sources */,
				113439C8221BCE2C0021EC18 /* MovieDetailViewModel.swift in Sources */,
				11DADD2D221C0CE4004B92A4 /* Configuration.swift in Sources */,
				11DADD40221C60DD004B92A4 /* MovieCreditsRepository.swift in Sources */,
				11488CD22218EB8B00D07D69 /* Presentable.swift in Sources */,
				113439CC221BDA850021EC18 /* MovieDetailBaseInfoTableViewCell.swift in Sources */,
				11DADD52221C9E88004B92A4 /* ViewSuspendable.swift in Sources */,
				11488D3F221AFECA00D07D69 /* AssetsImages.swift in Sources */,
				1198EAFA221B983A00A1C625 /* MovieListViewController.swift in Sources */,
				11DADD44221C6E96004B92A4 /* MovieDetailDirectorTableViewCell.swift in Sources */,
				11DADD3E221C5D46004B92A4 /* MovieCredits.swift in Sources */,
				11DADD50221C96E5004B92A4 /* CastAndCrewPeopleTableViewCell.swift in Sources */,
				11488CDD2218ECBC00D07D69 /* Const.swift in Sources */,
				11488D43221AFF1B00D07D69 /* Optional+Ext.swift in Sources */,
				113439CA221BD6F30021EC18 /* MovieDetailBackdropTableViewCell.swift in Sources */,
				11DADD32221C0FC6004B92A4 /* ImageService.swift in Sources */,
				1198EB02221B9E6D00A1C625 /* MovieCoordinator.swift in Sources */,
			);
			runOnlyForDeploymentPostprocessing = 0;
		};
		11153A9222187CB00064F116 /* Sources */ = {
			isa = PBXSourcesBuildPhase;
			buildActionMask = 2147483647;
			files = (
				11153A9B22187CB00064F116 /* ChallengeTests.swift in Sources */,
				1198EAFE221B9B1800A1C625 /* ChallengeModelTests.swift in Sources */,
			);
			runOnlyForDeploymentPostprocessing = 0;
		};
		11153A9D22187CB00064F116 /* Sources */ = {
			isa = PBXSourcesBuildPhase;
			buildActionMask = 2147483647;
			files = (
				11153AA622187CB00064F116 /* ChallengeUITests.swift in Sources */,
			);
			runOnlyForDeploymentPostprocessing = 0;
		};
/* End PBXSourcesBuildPhase section */

/* Begin PBXTargetDependency section */
		11153A9822187CB00064F116 /* PBXTargetDependency */ = {
			isa = PBXTargetDependency;
			target = 11153A8122187CAE0064F116 /* Challenge */;
			targetProxy = 11153A9722187CB00064F116 /* PBXContainerItemProxy */;
		};
		11153AA322187CB00064F116 /* PBXTargetDependency */ = {
			isa = PBXTargetDependency;
			target = 11153A8122187CAE0064F116 /* Challenge */;
			targetProxy = 11153AA222187CB00064F116 /* PBXContainerItemProxy */;
		};
/* End PBXTargetDependency section */

/* Begin PBXVariantGroup section */
		11488CB822188AC900D07D69 /* Localizable.strings */ = {
			isa = PBXVariantGroup;
			children = (
				11488CB922188AC900D07D69 /* Base */,
			);
			name = Localizable.strings;
			sourceTree = "<group>";
		};
/* End PBXVariantGroup section */

/* Begin XCBuildConfiguration section */
		11153AA822187CB00064F116 /* Debug */ = {
			isa = XCBuildConfiguration;
			buildSettings = {
				ALWAYS_SEARCH_USER_PATHS = NO;
				CLANG_ANALYZER_LOCALIZABILITY_NONLOCALIZED = YES;
				CLANG_ANALYZER_NONNULL = YES;
				CLANG_ANALYZER_NUMBER_OBJECT_CONVERSION = YES_AGGRESSIVE;
				CLANG_CXX_LANGUAGE_STANDARD = "gnu++14";
				CLANG_CXX_LIBRARY = "libc++";
				CLANG_ENABLE_MODULES = YES;
				CLANG_ENABLE_OBJC_ARC = YES;
				CLANG_ENABLE_OBJC_WEAK = YES;
				CLANG_WARN_BLOCK_CAPTURE_AUTORELEASING = YES;
				CLANG_WARN_BOOL_CONVERSION = YES;
				CLANG_WARN_COMMA = YES;
				CLANG_WARN_CONSTANT_CONVERSION = YES;
				CLANG_WARN_DEPRECATED_OBJC_IMPLEMENTATIONS = YES;
				CLANG_WARN_DIRECT_OBJC_ISA_USAGE = YES_ERROR;
				CLANG_WARN_DOCUMENTATION_COMMENTS = YES;
				CLANG_WARN_EMPTY_BODY = YES;
				CLANG_WARN_ENUM_CONVERSION = YES;
				CLANG_WARN_INFINITE_RECURSION = YES;
				CLANG_WARN_INT_CONVERSION = YES;
				CLANG_WARN_NON_LITERAL_NULL_CONVERSION = YES;
				CLANG_WARN_OBJC_IMPLICIT_RETAIN_SELF = YES;
				CLANG_WARN_OBJC_LITERAL_CONVERSION = YES;
				CLANG_WARN_OBJC_ROOT_CLASS = YES_ERROR;
				CLANG_WARN_RANGE_LOOP_ANALYSIS = YES;
				CLANG_WARN_STRICT_PROTOTYPES = YES;
				CLANG_WARN_SUSPICIOUS_MOVE = YES;
				CLANG_WARN_UNGUARDED_AVAILABILITY = YES_AGGRESSIVE;
				CLANG_WARN_UNREACHABLE_CODE = YES;
				CLANG_WARN__DUPLICATE_METHOD_MATCH = YES;
				CODE_SIGN_IDENTITY = "iPhone Developer";
				COPY_PHASE_STRIP = NO;
				DEBUG_INFORMATION_FORMAT = dwarf;
				ENABLE_STRICT_OBJC_MSGSEND = YES;
				ENABLE_TESTABILITY = YES;
				GCC_C_LANGUAGE_STANDARD = gnu11;
				GCC_DYNAMIC_NO_PIC = NO;
				GCC_NO_COMMON_BLOCKS = YES;
				GCC_OPTIMIZATION_LEVEL = 0;
				GCC_PREPROCESSOR_DEFINITIONS = (
					"DEBUG=1",
					"$(inherited)",
				);
				GCC_WARN_64_TO_32_BIT_CONVERSION = YES;
				GCC_WARN_ABOUT_RETURN_TYPE = YES_ERROR;
				GCC_WARN_UNDECLARED_SELECTOR = YES;
				GCC_WARN_UNINITIALIZED_AUTOS = YES_AGGRESSIVE;
				GCC_WARN_UNUSED_FUNCTION = YES;
				GCC_WARN_UNUSED_VARIABLE = YES;
				IPHONEOS_DEPLOYMENT_TARGET = 10.0;
				MTL_ENABLE_DEBUG_INFO = INCLUDE_SOURCE;
				MTL_FAST_MATH = YES;
				ONLY_ACTIVE_ARCH = YES;
				SDKROOT = iphoneos;
				SWIFT_ACTIVE_COMPILATION_CONDITIONS = DEBUG;
				SWIFT_OPTIMIZATION_LEVEL = "-Onone";
			};
			name = Debug;
		};
		11153AA922187CB00064F116 /* Release */ = {
			isa = XCBuildConfiguration;
			buildSettings = {
				ALWAYS_SEARCH_USER_PATHS = NO;
				CLANG_ANALYZER_LOCALIZABILITY_NONLOCALIZED = YES;
				CLANG_ANALYZER_NONNULL = YES;
				CLANG_ANALYZER_NUMBER_OBJECT_CONVERSION = YES_AGGRESSIVE;
				CLANG_CXX_LANGUAGE_STANDARD = "gnu++14";
				CLANG_CXX_LIBRARY = "libc++";
				CLANG_ENABLE_MODULES = YES;
				CLANG_ENABLE_OBJC_ARC = YES;
				CLANG_ENABLE_OBJC_WEAK = YES;
				CLANG_WARN_BLOCK_CAPTURE_AUTORELEASING = YES;
				CLANG_WARN_BOOL_CONVERSION = YES;
				CLANG_WARN_COMMA = YES;
				CLANG_WARN_CONSTANT_CONVERSION = YES;
				CLANG_WARN_DEPRECATED_OBJC_IMPLEMENTATIONS = YES;
				CLANG_WARN_DIRECT_OBJC_ISA_USAGE = YES_ERROR;
				CLANG_WARN_DOCUMENTATION_COMMENTS = YES;
				CLANG_WARN_EMPTY_BODY = YES;
				CLANG_WARN_ENUM_CONVERSION = YES;
				CLANG_WARN_INFINITE_RECURSION = YES;
				CLANG_WARN_INT_CONVERSION = YES;
				CLANG_WARN_NON_LITERAL_NULL_CONVERSION = YES;
				CLANG_WARN_OBJC_IMPLICIT_RETAIN_SELF = YES;
				CLANG_WARN_OBJC_LITERAL_CONVERSION = YES;
				CLANG_WARN_OBJC_ROOT_CLASS = YES_ERROR;
				CLANG_WARN_RANGE_LOOP_ANALYSIS = YES;
				CLANG_WARN_STRICT_PROTOTYPES = YES;
				CLANG_WARN_SUSPICIOUS_MOVE = YES;
				CLANG_WARN_UNGUARDED_AVAILABILITY = YES_AGGRESSIVE;
				CLANG_WARN_UNREACHABLE_CODE = YES;
				CLANG_WARN__DUPLICATE_METHOD_MATCH = YES;
				CODE_SIGN_IDENTITY = "iPhone Developer";
				COPY_PHASE_STRIP = NO;
				DEBUG_INFORMATION_FORMAT = "dwarf-with-dsym";
				ENABLE_NS_ASSERTIONS = NO;
				ENABLE_STRICT_OBJC_MSGSEND = YES;
				GCC_C_LANGUAGE_STANDARD = gnu11;
				GCC_NO_COMMON_BLOCKS = YES;
				GCC_WARN_64_TO_32_BIT_CONVERSION = YES;
				GCC_WARN_ABOUT_RETURN_TYPE = YES_ERROR;
				GCC_WARN_UNDECLARED_SELECTOR = YES;
				GCC_WARN_UNINITIALIZED_AUTOS = YES_AGGRESSIVE;
				GCC_WARN_UNUSED_FUNCTION = YES;
				GCC_WARN_UNUSED_VARIABLE = YES;
				IPHONEOS_DEPLOYMENT_TARGET = 10.0;
				MTL_ENABLE_DEBUG_INFO = NO;
				MTL_FAST_MATH = YES;
				SDKROOT = iphoneos;
				SWIFT_COMPILATION_MODE = wholemodule;
				SWIFT_OPTIMIZATION_LEVEL = "-O";
				VALIDATE_PRODUCT = YES;
			};
			name = Release;
		};
		11153AAB22187CB00064F116 /* Debug */ = {
			isa = XCBuildConfiguration;
			buildSettings = {
				ASSETCATALOG_COMPILER_APPICON_NAME = AppIcon;
				CODE_SIGN_STYLE = Automatic;
				DEVELOPMENT_TEAM = Z2HAJP9Q8N;
				FRAMEWORK_SEARCH_PATHS = (
					"$(inherited)",
					"$(PROJECT_DIR)/Carthage/Build/iOS",
				);
				INFOPLIST_FILE = "Challenge/Supporting Files/Info.plist";
				LD_RUNPATH_SEARCH_PATHS = (
					"$(inherited)",
					"@executable_path/Frameworks",
				);
				PRODUCT_BUNDLE_IDENTIFIER = com.nah.Challenge;
				PRODUCT_NAME = "$(TARGET_NAME)";
				SWIFT_VERSION = 4.2;
				TARGETED_DEVICE_FAMILY = "1,2";
			};
			name = Debug;
		};
		11153AAC22187CB00064F116 /* Release */ = {
			isa = XCBuildConfiguration;
			buildSettings = {
				ASSETCATALOG_COMPILER_APPICON_NAME = AppIcon;
				CODE_SIGN_STYLE = Automatic;
				DEVELOPMENT_TEAM = Z2HAJP9Q8N;
				FRAMEWORK_SEARCH_PATHS = (
					"$(inherited)",
					"$(PROJECT_DIR)/Carthage/Build/iOS",
				);
				INFOPLIST_FILE = "Challenge/Supporting Files/Info.plist";
				LD_RUNPATH_SEARCH_PATHS = (
					"$(inherited)",
					"@executable_path/Frameworks",
				);
				PRODUCT_BUNDLE_IDENTIFIER = com.nah.Challenge;
				PRODUCT_NAME = "$(TARGET_NAME)";
				SWIFT_VERSION = 4.2;
				TARGETED_DEVICE_FAMILY = "1,2";
			};
			name = Release;
		};
		11153AAE22187CB00064F116 /* Debug */ = {
			isa = XCBuildConfiguration;
			buildSettings = {
				ALWAYS_EMBED_SWIFT_STANDARD_LIBRARIES = YES;
				BUNDLE_LOADER = "$(TEST_HOST)";
				CODE_SIGN_STYLE = Automatic;
				DEVELOPMENT_TEAM = Z2HAJP9Q8N;
				INFOPLIST_FILE = ChallengeTests/Info.plist;
				LD_RUNPATH_SEARCH_PATHS = (
					"$(inherited)",
					"@executable_path/Frameworks",
					"@loader_path/Frameworks",
				);
				PRODUCT_BUNDLE_IDENTIFIER = com.nah.ChallengeTests;
				PRODUCT_NAME = "$(TARGET_NAME)";
				SWIFT_VERSION = 4.2;
				TARGETED_DEVICE_FAMILY = "1,2";
				TEST_HOST = "$(BUILT_PRODUCTS_DIR)/Challenge.app/Challenge";
			};
			name = Debug;
		};
		11153AAF22187CB00064F116 /* Release */ = {
			isa = XCBuildConfiguration;
			buildSettings = {
				ALWAYS_EMBED_SWIFT_STANDARD_LIBRARIES = YES;
				BUNDLE_LOADER = "$(TEST_HOST)";
				CODE_SIGN_STYLE = Automatic;
				DEVELOPMENT_TEAM = Z2HAJP9Q8N;
				INFOPLIST_FILE = ChallengeTests/Info.plist;
				LD_RUNPATH_SEARCH_PATHS = (
					"$(inherited)",
					"@executable_path/Frameworks",
					"@loader_path/Frameworks",
				);
				PRODUCT_BUNDLE_IDENTIFIER = com.nah.ChallengeTests;
				PRODUCT_NAME = "$(TARGET_NAME)";
				SWIFT_VERSION = 4.2;
				TARGETED_DEVICE_FAMILY = "1,2";
				TEST_HOST = "$(BUILT_PRODUCTS_DIR)/Challenge.app/Challenge";
			};
			name = Release;
		};
		11153AB122187CB00064F116 /* Debug */ = {
			isa = XCBuildConfiguration;
			buildSettings = {
				ALWAYS_EMBED_SWIFT_STANDARD_LIBRARIES = YES;
				CODE_SIGN_STYLE = Automatic;
				DEVELOPMENT_TEAM = Z2HAJP9Q8N;
				INFOPLIST_FILE = ChallengeUITests/Info.plist;
				LD_RUNPATH_SEARCH_PATHS = (
					"$(inherited)",
					"@executable_path/Frameworks",
					"@loader_path/Frameworks",
				);
				PRODUCT_BUNDLE_IDENTIFIER = com.nah.ChallengeUITests;
				PRODUCT_NAME = "$(TARGET_NAME)";
				SWIFT_VERSION = 4.2;
				TARGETED_DEVICE_FAMILY = "1,2";
				TEST_TARGET_NAME = Challenge;
			};
			name = Debug;
		};
		11153AB222187CB00064F116 /* Release */ = {
			isa = XCBuildConfiguration;
			buildSettings = {
				ALWAYS_EMBED_SWIFT_STANDARD_LIBRARIES = YES;
				CODE_SIGN_STYLE = Automatic;
				DEVELOPMENT_TEAM = Z2HAJP9Q8N;
				INFOPLIST_FILE = ChallengeUITests/Info.plist;
				LD_RUNPATH_SEARCH_PATHS = (
					"$(inherited)",
					"@executable_path/Frameworks",
					"@loader_path/Frameworks",
				);
				PRODUCT_BUNDLE_IDENTIFIER = com.nah.ChallengeUITests;
				PRODUCT_NAME = "$(TARGET_NAME)";
				SWIFT_VERSION = 4.2;
				TARGETED_DEVICE_FAMILY = "1,2";
				TEST_TARGET_NAME = Challenge;
			};
			name = Release;
		};
/* End XCBuildConfiguration section */

/* Begin XCConfigurationList section */
		11153A7D22187CAE0064F116 /* Build configuration list for PBXProject "Challenge" */ = {
			isa = XCConfigurationList;
			buildConfigurations = (
				11153AA822187CB00064F116 /* Debug */,
				11153AA922187CB00064F116 /* Release */,
			);
			defaultConfigurationIsVisible = 0;
			defaultConfigurationName = Debug;
		};
		11153AAA22187CB00064F116 /* Build configuration list for PBXNativeTarget "Challenge" */ = {
			isa = XCConfigurationList;
			buildConfigurations = (
				11153AAB22187CB00064F116 /* Debug */,
				11153AAC22187CB00064F116 /* Release */,
			);
			defaultConfigurationIsVisible = 0;
			defaultConfigurationName = Debug;
		};
		11153AAD22187CB00064F116 /* Build configuration list for PBXNativeTarget "ChallengeTests" */ = {
			isa = XCConfigurationList;
			buildConfigurations = (
				11153AAE22187CB00064F116 /* Debug */,
				11153AAF22187CB00064F116 /* Release */,
			);
			defaultConfigurationIsVisible = 0;
			defaultConfigurationName = Debug;
		};
		11153AB022187CB00064F116 /* Build configuration list for PBXNativeTarget "ChallengeUITests" */ = {
			isa = XCConfigurationList;
			buildConfigurations = (
				11153AB122187CB00064F116 /* Debug */,
				11153AB222187CB00064F116 /* Release */,
			);
			defaultConfigurationIsVisible = 0;
			defaultConfigurationName = Debug;
		};
/* End XCConfigurationList section */
	};
	rootObject = 11153A7A22187CAE0064F116 /* Project object */;
}
