// !$*UTF8*$!
{
	archiveVersion = 1;
	classes = {
	};
	objectVersion = 50;
	objects = {

/* Begin PBXBuildFile section */
		11153A8622187CAE0064F116 /* AppDelegate.swift in Sources */ = {isa = PBXBuildFile; fileRef = 11153A8522187CAE0064F116 /* AppDelegate.swift */; };
		11153A9B22187CB00064F116 /* ChallengeTests.swift in Sources */ = {isa = PBXBuildFile; fileRef = 11153A9A22187CB00064F116 /* ChallengeTests.swift */; };
		11153AA622187CB00064F116 /* ChallengeUITests.swift in Sources */ = {isa = PBXBuildFile; fileRef = 11153AA522187CB00064F116 /* ChallengeUITests.swift */; };
		11153AC8221880230064F116 /* Assets.xcassets in Resources */ = {isa = PBXBuildFile; fileRef = 11153AC0221880230064F116 /* Assets.xcassets */; };
		11153ACA221880230064F116 /* LaunchScreen.storyboard in Resources */ = {isa = PBXBuildFile; fileRef = 11153AC4221880230064F116 /* LaunchScreen.storyboard */; };
		11153ACB221880230064F116 /* Main.storyboard in Resources */ = {isa = PBXBuildFile; fileRef = 11153AC5221880230064F116 /* Main.storyboard */; };
		11153ACC221880230064F116 /* SampleViewController.swift in Sources */ = {isa = PBXBuildFile; fileRef = 11153AC7221880230064F116 /* SampleViewController.swift */; };
		11153AE2221884900064F116 /* RxSwift.framework in Frameworks */ = {isa = PBXBuildFile; fileRef = 11153ADB2218848F0064F116 /* RxSwift.framework */; };
		11153AE3221884900064F116 /* SwiftyJSON.framework in Frameworks */ = {isa = PBXBuildFile; fileRef = 11153ADC221884900064F116 /* SwiftyJSON.framework */; };
		11153AE4221884900064F116 /* Alamofire.framework in Frameworks */ = {isa = PBXBuildFile; fileRef = 11153ADD221884900064F116 /* Alamofire.framework */; };
		11153AE5221884900064F116 /* XCGLogger.framework in Frameworks */ = {isa = PBXBuildFile; fileRef = 11153ADE221884900064F116 /* XCGLogger.framework */; };
		11153AE6221884900064F116 /* ObjcExceptionBridging.framework in Frameworks */ = {isa = PBXBuildFile; fileRef = 11153ADF221884900064F116 /* ObjcExceptionBridging.framework */; };
		11153AE7221884900064F116 /* SwiftyUserDefaults.framework in Frameworks */ = {isa = PBXBuildFile; fileRef = 11153AE0221884900064F116 /* SwiftyUserDefaults.framework */; };
		11153AE8221884900064F116 /* RxCocoa.framework in Frameworks */ = {isa = PBXBuildFile; fileRef = 11153AE1221884900064F116 /* RxCocoa.framework */; };
		11153AEA2218852B0064F116 /* Reusable.framework in Frameworks */ = {isa = PBXBuildFile; fileRef = 11153AE92218852B0064F116 /* Reusable.framework */; };
		11488CBA22188AC900D07D69 /* Localizable.strings in Resources */ = {isa = PBXBuildFile; fileRef = 11488CB822188AC900D07D69 /* Localizable.strings */; };
		11488CD02218EB8B00D07D69 /* NavigationRouter.swift in Sources */ = {isa = PBXBuildFile; fileRef = 11488CCA2218EB8B00D07D69 /* NavigationRouter.swift */; };
		11488CD12218EB8B00D07D69 /* DeepLinkOption.swift in Sources */ = {isa = PBXBuildFile; fileRef = 11488CCB2218EB8B00D07D69 /* DeepLinkOption.swift */; };
		11488CD22218EB8B00D07D69 /* Presentable.swift in Sources */ = {isa = PBXBuildFile; fileRef = 11488CCC2218EB8B00D07D69 /* Presentable.swift */; };
		11488CD32218EB8B00D07D69 /* Router.swift in Sources */ = {isa = PBXBuildFile; fileRef = 11488CCD2218EB8B00D07D69 /* Router.swift */; };
		11488CD42218EB8B00D07D69 /* TabbarRouter.swift in Sources */ = {isa = PBXBuildFile; fileRef = 11488CCE2218EB8B00D07D69 /* TabbarRouter.swift */; };
		11488CD52218EB8B00D07D69 /* Coordinator.swift in Sources */ = {isa = PBXBuildFile; fileRef = 11488CCF2218EB8B00D07D69 /* Coordinator.swift */; };
		11488CD72218EBF200D07D69 /* AppDelegate+Config.swift in Sources */ = {isa = PBXBuildFile; fileRef = 11488CD62218EBF200D07D69 /* AppDelegate+Config.swift */; };
		11488CDB2218EC4F00D07D69 /* XCGLogger+Ext.swift in Sources */ = {isa = PBXBuildFile; fileRef = 11488CDA2218EC4F00D07D69 /* XCGLogger+Ext.swift */; };
		11488CDD2218ECBC00D07D69 /* Const.swift in Sources */ = {isa = PBXBuildFile; fileRef = 11488CDC2218ECBC00D07D69 /* Const.swift */; };
		11488CE22218EE2000D07D69 /* NameDescribable.swift in Sources */ = {isa = PBXBuildFile; fileRef = 11488CE12218EE2000D07D69 /* NameDescribable.swift */; };
		11488CE62218EF3700D07D69 /* Array+Ext.swift in Sources */ = {isa = PBXBuildFile; fileRef = 11488CE52218EF3600D07D69 /* Array+Ext.swift */; };
		11488D31221AFC6A00D07D69 /* AppCoordinator.swift in Sources */ = {isa = PBXBuildFile; fileRef = 11488D30221AFC6A00D07D69 /* AppCoordinator.swift */; };
		11488D33221AFCD800D07D69 /* CoordinatorFactory.swift in Sources */ = {isa = PBXBuildFile; fileRef = 11488D32221AFCD800D07D69 /* CoordinatorFactory.swift */; };
		11488D35221AFCF800D07D69 /* MainCoordinator.swift in Sources */ = {isa = PBXBuildFile; fileRef = 11488D34221AFCF700D07D69 /* MainCoordinator.swift */; };
		11488D37221AFD2500D07D69 /* AlertCoordinator.swift in Sources */ = {isa = PBXBuildFile; fileRef = 11488D36221AFD2500D07D69 /* AlertCoordinator.swift */; };
		11488D39221AFD5200D07D69 /* ControllerFactory.swift in Sources */ = {isa = PBXBuildFile; fileRef = 11488D38221AFD5200D07D69 /* ControllerFactory.swift */; };
		11488D3B221AFD9900D07D69 /* ControllerProtocols.swift in Sources */ = {isa = PBXBuildFile; fileRef = 11488D3A221AFD9900D07D69 /* ControllerProtocols.swift */; };
		11488D3D221AFE2300D07D69 /* CoordinatorProtocols.swift in Sources */ = {isa = PBXBuildFile; fileRef = 11488D3C221AFE2300D07D69 /* CoordinatorProtocols.swift */; };
		11488D3F221AFECA00D07D69 /* AssetsImages.swift in Sources */ = {isa = PBXBuildFile; fileRef = 11488D3E221AFECA00D07D69 /* AssetsImages.swift */; };
		11488D41221AFEDC00D07D69 /* StoryboardsScenes.swift in Sources */ = {isa = PBXBuildFile; fileRef = 11488D40221AFEDC00D07D69 /* StoryboardsScenes.swift */; };
		11488D43221AFF1B00D07D69 /* Optional+Ext.swift in Sources */ = {isa = PBXBuildFile; fileRef = 11488D42221AFF1B00D07D69 /* Optional+Ext.swift */; };
		11488D45221AFF5A00D07D69 /* UIColor+Ext.swift in Sources */ = {isa = PBXBuildFile; fileRef = 11488D44221AFF5A00D07D69 /* UIColor+Ext.swift */; };
		11488D47221AFFC000D07D69 /* BaseViewController.swift in Sources */ = {isa = PBXBuildFile; fileRef = 11488D46221AFFC000D07D69 /* BaseViewController.swift */; };
		11488D49221B019A00D07D69 /* Strings.swift in Sources */ = {isa = PBXBuildFile; fileRef = 11488D48221B019A00D07D69 /* Strings.swift */; };
		11488D4C221B048400D07D69 /* DataRequest+Ext.swift in Sources */ = {isa = PBXBuildFile; fileRef = 11488D4A221B048400D07D69 /* DataRequest+Ext.swift */; };
		11488D4D221B048400D07D69 /* SessionManager+Ext.swift in Sources */ = {isa = PBXBuildFile; fileRef = 11488D4B221B048400D07D69 /* SessionManager+Ext.swift */; };
		11488D51221B04D000D07D69 /* Recipe.swift in Sources */ = {isa = PBXBuildFile; fileRef = 11488D4F221B04D000D07D69 /* Recipe.swift */; };
		11488D52221B04D000D07D69 /* Recipes.swift in Sources */ = {isa = PBXBuildFile; fileRef = 11488D50221B04D000D07D69 /* Recipes.swift */; };
		11488D56221B051800D07D69 /* SampleViewModel.swift in Sources */ = {isa = PBXBuildFile; fileRef = 11488D54221B051800D07D69 /* SampleViewModel.swift */; };
		11488D57221B051800D07D69 /* ViewState.swift in Sources */ = {isa = PBXBuildFile; fileRef = 11488D55221B051800D07D69 /* ViewState.swift */; };
		11488D5F221B057900D07D69 /* SampleRepository.swift in Sources */ = {isa = PBXBuildFile; fileRef = 11488D5A221B057900D07D69 /* SampleRepository.swift */; };
		11488D61221B057900D07D69 /* APIState.swift in Sources */ = {isa = PBXBuildFile; fileRef = 11488D5C221B057900D07D69 /* APIState.swift */; };
		11488D62221B057900D07D69 /* FoodAPI.swift in Sources */ = {isa = PBXBuildFile; fileRef = 11488D5D221B057900D07D69 /* FoodAPI.swift */; };
		11488D63221B057900D07D69 /* APIEndpoint.swift in Sources */ = {isa = PBXBuildFile; fileRef = 11488D5E221B057900D07D69 /* APIEndpoint.swift */; };
		11488D66221B099400D07D69 /* RecipeCell.swift in Sources */ = {isa = PBXBuildFile; fileRef = 11488D65221B099400D07D69 /* RecipeCell.swift */; };
/* End PBXBuildFile section */

/* Begin PBXContainerItemProxy section */
		11153A9722187CB00064F116 /* PBXContainerItemProxy */ = {
			isa = PBXContainerItemProxy;
			containerPortal = 11153A7A22187CAE0064F116 /* Project object */;
			proxyType = 1;
			remoteGlobalIDString = 11153A8122187CAE0064F116;
			remoteInfo = Challenge;
		};
		11153AA222187CB00064F116 /* PBXContainerItemProxy */ = {
			isa = PBXContainerItemProxy;
			containerPortal = 11153A7A22187CAE0064F116 /* Project object */;
			proxyType = 1;
			remoteGlobalIDString = 11153A8122187CAE0064F116;
			remoteInfo = Challenge;
		};
/* End PBXContainerItemProxy section */

/* Begin PBXFileReference section */
		11153A8222187CAE0064F116 /* Challenge.app */ = {isa = PBXFileReference; explicitFileType = wrapper.application; includeInIndex = 0; path = Challenge.app; sourceTree = BUILT_PRODUCTS_DIR; };
		11153A8522187CAE0064F116 /* AppDelegate.swift */ = {isa = PBXFileReference; lastKnownFileType = sourcecode.swift; path = AppDelegate.swift; sourceTree = "<group>"; };
		11153A9622187CB00064F116 /* ChallengeTests.xctest */ = {isa = PBXFileReference; explicitFileType = wrapper.cfbundle; includeInIndex = 0; path = ChallengeTests.xctest; sourceTree = BUILT_PRODUCTS_DIR; };
		11153A9A22187CB00064F116 /* ChallengeTests.swift */ = {isa = PBXFileReference; lastKnownFileType = sourcecode.swift; path = ChallengeTests.swift; sourceTree = "<group>"; };
		11153A9C22187CB00064F116 /* Info.plist */ = {isa = PBXFileReference; lastKnownFileType = text.plist.xml; path = Info.plist; sourceTree = "<group>"; };
		11153AA122187CB00064F116 /* ChallengeUITests.xctest */ = {isa = PBXFileReference; explicitFileType = wrapper.cfbundle; includeInIndex = 0; path = ChallengeUITests.xctest; sourceTree = BUILT_PRODUCTS_DIR; };
		11153AA522187CB00064F116 /* ChallengeUITests.swift */ = {isa = PBXFileReference; lastKnownFileType = sourcecode.swift; path = ChallengeUITests.swift; sourceTree = "<group>"; };
		11153AA722187CB00064F116 /* Info.plist */ = {isa = PBXFileReference; lastKnownFileType = text.plist.xml; path = Info.plist; sourceTree = "<group>"; };
		11153AC0221880230064F116 /* Assets.xcassets */ = {isa = PBXFileReference; lastKnownFileType = folder.assetcatalog; path = Assets.xcassets; sourceTree = "<group>"; };
		11153AC2221880230064F116 /* Info.plist */ = {isa = PBXFileReference; fileEncoding = 4; lastKnownFileType = text.plist.xml; path = Info.plist; sourceTree = "<group>"; };
		11153AC4221880230064F116 /* LaunchScreen.storyboard */ = {isa = PBXFileReference; fileEncoding = 4; lastKnownFileType = file.storyboard; path = LaunchScreen.storyboard; sourceTree = "<group>"; };
		11153AC5221880230064F116 /* Main.storyboard */ = {isa = PBXFileReference; fileEncoding = 4; lastKnownFileType = file.storyboard; path = Main.storyboard; sourceTree = "<group>"; };
		11153AC7221880230064F116 /* SampleViewController.swift */ = {isa = PBXFileReference; fileEncoding = 4; lastKnownFileType = sourcecode.swift; path = SampleViewController.swift; sourceTree = "<group>"; };
		11153ADB2218848F0064F116 /* RxSwift.framework */ = {isa = PBXFileReference; lastKnownFileType = wrapper.framework; name = RxSwift.framework; path = Carthage/Build/iOS/RxSwift.framework; sourceTree = "<group>"; };
		11153ADC221884900064F116 /* SwiftyJSON.framework */ = {isa = PBXFileReference; lastKnownFileType = wrapper.framework; name = SwiftyJSON.framework; path = Carthage/Build/iOS/SwiftyJSON.framework; sourceTree = "<group>"; };
		11153ADD221884900064F116 /* Alamofire.framework */ = {isa = PBXFileReference; lastKnownFileType = wrapper.framework; name = Alamofire.framework; path = Carthage/Build/iOS/Alamofire.framework; sourceTree = "<group>"; };
		11153ADE221884900064F116 /* XCGLogger.framework */ = {isa = PBXFileReference; lastKnownFileType = wrapper.framework; name = XCGLogger.framework; path = Carthage/Build/iOS/XCGLogger.framework; sourceTree = "<group>"; };
		11153ADF221884900064F116 /* ObjcExceptionBridging.framework */ = {isa = PBXFileReference; lastKnownFileType = wrapper.framework; name = ObjcExceptionBridging.framework; path = Carthage/Build/iOS/ObjcExceptionBridging.framework; sourceTree = "<group>"; };
		11153AE0221884900064F116 /* SwiftyUserDefaults.framework */ = {isa = PBXFileReference; lastKnownFileType = wrapper.framework; name = SwiftyUserDefaults.framework; path = Carthage/Build/iOS/SwiftyUserDefaults.framework; sourceTree = "<group>"; };
		11153AE1221884900064F116 /* RxCocoa.framework */ = {isa = PBXFileReference; lastKnownFileType = wrapper.framework; name = RxCocoa.framework; path = Carthage/Build/iOS/RxCocoa.framework; sourceTree = "<group>"; };
		11153AE92218852B0064F116 /* Reusable.framework */ = {isa = PBXFileReference; lastKnownFileType = wrapper.framework; name = Reusable.framework; path = Carthage/Build/iOS/Reusable.framework; sourceTree = "<group>"; };
		11488CB922188AC900D07D69 /* Base */ = {isa = PBXFileReference; lastKnownFileType = text.plist.strings; name = Base; path = Base.lproj/Localizable.strings; sourceTree = "<group>"; };
		11488CBB22188ACF00D07D69 /* vi */ = {isa = PBXFileReference; lastKnownFileType = text.plist.strings; name = vi; path = vi.lproj/Localizable.strings; sourceTree = "<group>"; };
		11488CCA2218EB8B00D07D69 /* NavigationRouter.swift */ = {isa = PBXFileReference; fileEncoding = 4; lastKnownFileType = sourcecode.swift; path = NavigationRouter.swift; sourceTree = "<group>"; };
		11488CCB2218EB8B00D07D69 /* DeepLinkOption.swift */ = {isa = PBXFileReference; fileEncoding = 4; lastKnownFileType = sourcecode.swift; path = DeepLinkOption.swift; sourceTree = "<group>"; };
		11488CCC2218EB8B00D07D69 /* Presentable.swift */ = {isa = PBXFileReference; fileEncoding = 4; lastKnownFileType = sourcecode.swift; path = Presentable.swift; sourceTree = "<group>"; };
		11488CCD2218EB8B00D07D69 /* Router.swift */ = {isa = PBXFileReference; fileEncoding = 4; lastKnownFileType = sourcecode.swift; path = Router.swift; sourceTree = "<group>"; };
		11488CCE2218EB8B00D07D69 /* TabbarRouter.swift */ = {isa = PBXFileReference; fileEncoding = 4; lastKnownFileType = sourcecode.swift; path = TabbarRouter.swift; sourceTree = "<group>"; };
		11488CCF2218EB8B00D07D69 /* Coordinator.swift */ = {isa = PBXFileReference; fileEncoding = 4; lastKnownFileType = sourcecode.swift; path = Coordinator.swift; sourceTree = "<group>"; };
		11488CD62218EBF200D07D69 /* AppDelegate+Config.swift */ = {isa = PBXFileReference; lastKnownFileType = sourcecode.swift; path = "AppDelegate+Config.swift"; sourceTree = "<group>"; };
		11488CDA2218EC4F00D07D69 /* XCGLogger+Ext.swift */ = {isa = PBXFileReference; lastKnownFileType = sourcecode.swift; path = "XCGLogger+Ext.swift"; sourceTree = "<group>"; };
		11488CDC2218ECBC00D07D69 /* Const.swift */ = {isa = PBXFileReference; lastKnownFileType = sourcecode.swift; path = Const.swift; sourceTree = "<group>"; };
		11488CE12218EE2000D07D69 /* NameDescribable.swift */ = {isa = PBXFileReference; lastKnownFileType = sourcecode.swift; path = NameDescribable.swift; sourceTree = "<group>"; };
		11488CE52218EF3600D07D69 /* Array+Ext.swift */ = {isa = PBXFileReference; fileEncoding = 4; lastKnownFileType = sourcecode.swift; path = "Array+Ext.swift"; sourceTree = "<group>"; };
		11488D30221AFC6A00D07D69 /* AppCoordinator.swift */ = {isa = PBXFileReference; fileEncoding = 4; lastKnownFileType = sourcecode.swift; path = AppCoordinator.swift; sourceTree = "<group>"; };
		11488D32221AFCD800D07D69 /* CoordinatorFactory.swift */ = {isa = PBXFileReference; fileEncoding = 4; lastKnownFileType = sourcecode.swift; path = CoordinatorFactory.swift; sourceTree = "<group>"; };
		11488D34221AFCF700D07D69 /* MainCoordinator.swift */ = {isa = PBXFileReference; fileEncoding = 4; lastKnownFileType = sourcecode.swift; path = MainCoordinator.swift; sourceTree = "<group>"; };
		11488D36221AFD2500D07D69 /* AlertCoordinator.swift */ = {isa = PBXFileReference; fileEncoding = 4; lastKnownFileType = sourcecode.swift; path = AlertCoordinator.swift; sourceTree = "<group>"; };
		11488D38221AFD5200D07D69 /* ControllerFactory.swift */ = {isa = PBXFileReference; fileEncoding = 4; lastKnownFileType = sourcecode.swift; path = ControllerFactory.swift; sourceTree = "<group>"; };
		11488D3A221AFD9900D07D69 /* ControllerProtocols.swift */ = {isa = PBXFileReference; fileEncoding = 4; lastKnownFileType = sourcecode.swift; path = ControllerProtocols.swift; sourceTree = "<group>"; };
		11488D3C221AFE2300D07D69 /* CoordinatorProtocols.swift */ = {isa = PBXFileReference; fileEncoding = 4; lastKnownFileType = sourcecode.swift; path = CoordinatorProtocols.swift; sourceTree = "<group>"; };
		11488D3E221AFECA00D07D69 /* AssetsImages.swift */ = {isa = PBXFileReference; fileEncoding = 4; lastKnownFileType = sourcecode.swift; name = AssetsImages.swift; path = Challenge/Generated/AssetsImages.swift; sourceTree = SOURCE_ROOT; };
		11488D40221AFEDC00D07D69 /* StoryboardsScenes.swift */ = {isa = PBXFileReference; fileEncoding = 4; lastKnownFileType = sourcecode.swift; name = StoryboardsScenes.swift; path = Challenge/Generated/StoryboardsScenes.swift; sourceTree = SOURCE_ROOT; };
		11488D42221AFF1B00D07D69 /* Optional+Ext.swift */ = {isa = PBXFileReference; fileEncoding = 4; lastKnownFileType = sourcecode.swift; path = "Optional+Ext.swift"; sourceTree = "<group>"; };
		11488D44221AFF5A00D07D69 /* UIColor+Ext.swift */ = {isa = PBXFileReference; fileEncoding = 4; lastKnownFileType = sourcecode.swift; path = "UIColor+Ext.swift"; sourceTree = "<group>"; };
		11488D46221AFFC000D07D69 /* BaseViewController.swift */ = {isa = PBXFileReference; fileEncoding = 4; lastKnownFileType = sourcecode.swift; path = BaseViewController.swift; sourceTree = "<group>"; };
		11488D48221B019A00D07D69 /* Strings.swift */ = {isa = PBXFileReference; fileEncoding = 4; lastKnownFileType = sourcecode.swift; name = Strings.swift; path = Challenge/Generated/Strings.swift; sourceTree = SOURCE_ROOT; };
		11488D4A221B048400D07D69 /* DataRequest+Ext.swift */ = {isa = PBXFileReference; fileEncoding = 4; lastKnownFileType = sourcecode.swift; path = "DataRequest+Ext.swift"; sourceTree = "<group>"; };
		11488D4B221B048400D07D69 /* SessionManager+Ext.swift */ = {isa = PBXFileReference; fileEncoding = 4; lastKnownFileType = sourcecode.swift; path = "SessionManager+Ext.swift"; sourceTree = "<group>"; };
		11488D4F221B04D000D07D69 /* Recipe.swift */ = {isa = PBXFileReference; fileEncoding = 4; lastKnownFileType = sourcecode.swift; path = Recipe.swift; sourceTree = "<group>"; };
		11488D50221B04D000D07D69 /* Recipes.swift */ = {isa = PBXFileReference; fileEncoding = 4; lastKnownFileType = sourcecode.swift; path = Recipes.swift; sourceTree = "<group>"; };
		11488D54221B051800D07D69 /* SampleViewModel.swift */ = {isa = PBXFileReference; fileEncoding = 4; lastKnownFileType = sourcecode.swift; path = SampleViewModel.swift; sourceTree = "<group>"; };
		11488D55221B051800D07D69 /* ViewState.swift */ = {isa = PBXFileReference; fileEncoding = 4; lastKnownFileType = sourcecode.swift; path = ViewState.swift; sourceTree = "<group>"; };
		11488D5A221B057900D07D69 /* SampleRepository.swift */ = {isa = PBXFileReference; fileEncoding = 4; lastKnownFileType = sourcecode.swift; path = SampleRepository.swift; sourceTree = "<group>"; };
		11488D5C221B057900D07D69 /* APIState.swift */ = {isa = PBXFileReference; fileEncoding = 4; lastKnownFileType = sourcecode.swift; path = APIState.swift; sourceTree = "<group>"; };
		11488D5D221B057900D07D69 /* FoodAPI.swift */ = {isa = PBXFileReference; fileEncoding = 4; lastKnownFileType = sourcecode.swift; path = FoodAPI.swift; sourceTree = "<group>"; };
		11488D5E221B057900D07D69 /* APIEndpoint.swift */ = {isa = PBXFileReference; fileEncoding = 4; lastKnownFileType = sourcecode.swift; path = APIEndpoint.swift; sourceTree = "<group>"; };
		11488D65221B099400D07D69 /* RecipeCell.swift */ = {isa = PBXFileReference; fileEncoding = 4; lastKnownFileType = sourcecode.swift; path = RecipeCell.swift; sourceTree = "<group>"; };
/* End PBXFileReference section */

/* Begin PBXFrameworksBuildPhase section */
		11153A7F22187CAE0064F116 /* Frameworks */ = {
			isa = PBXFrameworksBuildPhase;
			buildActionMask = 2147483647;
			files = (
				11153AEA2218852B0064F116 /* Reusable.framework in Frameworks */,
				11153AE2221884900064F116 /* RxSwift.framework in Frameworks */,
				11153AE3221884900064F116 /* SwiftyJSON.framework in Frameworks */,
				11153AE4221884900064F116 /* Alamofire.framework in Frameworks */,
				11153AE5221884900064F116 /* XCGLogger.framework in Frameworks */,
				11153AE6221884900064F116 /* ObjcExceptionBridging.framework in Frameworks */,
				11153AE7221884900064F116 /* SwiftyUserDefaults.framework in Frameworks */,
				11153AE8221884900064F116 /* RxCocoa.framework in Frameworks */,
			);
			runOnlyForDeploymentPostprocessing = 0;
		};
		11153A9322187CB00064F116 /* Frameworks */ = {
			isa = PBXFrameworksBuildPhase;
			buildActionMask = 2147483647;
			files = (
			);
			runOnlyForDeploymentPostprocessing = 0;
		};
		11153A9E22187CB00064F116 /* Frameworks */ = {
			isa = PBXFrameworksBuildPhase;
			buildActionMask = 2147483647;
			files = (
			);
			runOnlyForDeploymentPostprocessing = 0;
		};
/* End PBXFrameworksBuildPhase section */

/* Begin PBXGroup section */
		11153A7922187CAE0064F116 = {
			isa = PBXGroup;
			children = (
				11153A8422187CAE0064F116 /* Challenge */,
				11153A9922187CB00064F116 /* ChallengeTests */,
				11153AA422187CB00064F116 /* ChallengeUITests */,
				11153A8322187CAE0064F116 /* Products */,
				11153ADA2218848F0064F116 /* Frameworks */,
			);
			sourceTree = "<group>";
		};
		11153A8322187CAE0064F116 /* Products */ = {
			isa = PBXGroup;
			children = (
				11153A8222187CAE0064F116 /* Challenge.app */,
				11153A9622187CB00064F116 /* ChallengeTests.xctest */,
				11153AA122187CB00064F116 /* ChallengeUITests.xctest */,
			);
			name = Products;
			sourceTree = "<group>";
		};
		11153A8422187CAE0064F116 /* Challenge */ = {
			isa = PBXGroup;
			children = (
				11153A8522187CAE0064F116 /* AppDelegate.swift */,
				11488CD62218EBF200D07D69 /* AppDelegate+Config.swift */,
				11488CC82218EB3E00D07D69 /* Coordinators */,
				11488D58221B057900D07D69 /* Networking */,
				11488D4E221B049F00D07D69 /* Models */,
				11488D53221B04F700D07D69 /* ViewModels */,
				11153AC6221880230064F116 /* Controllers */,
				11488D64221B099400D07D69 /* Views */,
				11153AC3221880230064F116 /* Storyboards */,
				11488CD82218EC3600D07D69 /* Ultilities */,
				11153ABF221880230064F116 /* Resources */,
				11153AC1221880230064F116 /* Supporting Files */,
			);
			path = Challenge;
			sourceTree = "<group>";
		};
		11153A9922187CB00064F116 /* ChallengeTests */ = {
			isa = PBXGroup;
			children = (
				11153A9A22187CB00064F116 /* ChallengeTests.swift */,
				11153A9C22187CB00064F116 /* Info.plist */,
			);
			path = ChallengeTests;
			sourceTree = "<group>";
		};
		11153AA422187CB00064F116 /* ChallengeUITests */ = {
			isa = PBXGroup;
			children = (
				11153AA522187CB00064F116 /* ChallengeUITests.swift */,
				11153AA722187CB00064F116 /* Info.plist */,
			);
			path = ChallengeUITests;
			sourceTree = "<group>";
		};
		11153ABF221880230064F116 /* Resources */ = {
			isa = PBXGroup;
			children = (
				11488CB52218860F00D07D69 /* Localize */,
				11488CB2221885F100D07D69 /* Assets */,
				11488CDC2218ECBC00D07D69 /* Const.swift */,
			);
			path = Resources;
			sourceTree = "<group>";
		};
		11153AC1221880230064F116 /* Supporting Files */ = {
			isa = PBXGroup;
			children = (
				11153AC2221880230064F116 /* Info.plist */,
			);
			path = "Supporting Files";
			sourceTree = "<group>";
		};
		11153AC3221880230064F116 /* Storyboards */ = {
			isa = PBXGroup;
			children = (
				11488D40221AFEDC00D07D69 /* StoryboardsScenes.swift */,
				11153AC4221880230064F116 /* LaunchScreen.storyboard */,
				11153AC5221880230064F116 /* Main.storyboard */,
			);
			path = Storyboards;
			sourceTree = "<group>";
		};
		11153AC6221880230064F116 /* Controllers */ = {
			isa = PBXGroup;
			children = (
				11488D38221AFD5200D07D69 /* ControllerFactory.swift */,
				11488D3A221AFD9900D07D69 /* ControllerProtocols.swift */,
				11488D46221AFFC000D07D69 /* BaseViewController.swift */,
				11153AC7221880230064F116 /* SampleViewController.swift */,
			);
			path = Controllers;
			sourceTree = "<group>";
		};
		11153ADA2218848F0064F116 /* Frameworks */ = {
			isa = PBXGroup;
			children = (
				11153AE92218852B0064F116 /* Reusable.framework */,
				11153ADD221884900064F116 /* Alamofire.framework */,
				11153ADF221884900064F116 /* ObjcExceptionBridging.framework */,
				11153AE1221884900064F116 /* RxCocoa.framework */,
				11153ADB2218848F0064F116 /* RxSwift.framework */,
				11153ADC221884900064F116 /* SwiftyJSON.framework */,
				11153AE0221884900064F116 /* SwiftyUserDefaults.framework */,
				11153ADE221884900064F116 /* XCGLogger.framework */,
			);
			name = Frameworks;
			sourceTree = "<group>";
		};
		11488CB2221885F100D07D69 /* Assets */ = {
			isa = PBXGroup;
			children = (
				11488D3E221AFECA00D07D69 /* AssetsImages.swift */,
				11153AC0221880230064F116 /* Assets.xcassets */,
			);
			name = Assets;
			sourceTree = "<group>";
		};
		11488CB52218860F00D07D69 /* Localize */ = {
			isa = PBXGroup;
			children = (
				11488D48221B019A00D07D69 /* Strings.swift */,
				11488CB822188AC900D07D69 /* Localizable.strings */,
			);
			name = Localize;
			sourceTree = "<group>";
		};
		11488CC82218EB3E00D07D69 /* Coordinators */ = {
			isa = PBXGroup;
			children = (
				11488CC92218EB8B00D07D69 /* CoordinatorKit */,
				11488D32221AFCD800D07D69 /* CoordinatorFactory.swift */,
				11488D3C221AFE2300D07D69 /* CoordinatorProtocols.swift */,
				11488D30221AFC6A00D07D69 /* AppCoordinator.swift */,
				11488D34221AFCF700D07D69 /* MainCoordinator.swift */,
				11488D36221AFD2500D07D69 /* AlertCoordinator.swift */,
			);
			path = Coordinators;
			sourceTree = "<group>";
		};
		11488CC92218EB8B00D07D69 /* CoordinatorKit */ = {
			isa = PBXGroup;
			children = (
				11488CCF2218EB8B00D07D69 /* Coordinator.swift */,
				11488CCD2218EB8B00D07D69 /* Router.swift */,
				11488CCA2218EB8B00D07D69 /* NavigationRouter.swift */,
				11488CCE2218EB8B00D07D69 /* TabbarRouter.swift */,
				11488CCC2218EB8B00D07D69 /* Presentable.swift */,
				11488CCB2218EB8B00D07D69 /* DeepLinkOption.swift */,
			);
			path = CoordinatorKit;
			sourceTree = "<group>";
		};
		11488CD82218EC3600D07D69 /* Ultilities */ = {
			isa = PBXGroup;
			children = (
				11488CE02218EE1000D07D69 /* Helpers */,
				11488CD92218EC4300D07D69 /* Extensions */,
			);
			path = Ultilities;
			sourceTree = "<group>";
		};
		11488CD92218EC4300D07D69 /* Extensions */ = {
			isa = PBXGroup;
			children = (
				11488D4A221B048400D07D69 /* DataRequest+Ext.swift */,
				11488D4B221B048400D07D69 /* SessionManager+Ext.swift */,
				11488D42221AFF1B00D07D69 /* Optional+Ext.swift */,
				11488CE52218EF3600D07D69 /* Array+Ext.swift */,
				11488CDA2218EC4F00D07D69 /* XCGLogger+Ext.swift */,
				11488D44221AFF5A00D07D69 /* UIColor+Ext.swift */,
			);
			path = Extensions;
			sourceTree = "<group>";
		};
		11488CE02218EE1000D07D69 /* Helpers */ = {
			isa = PBXGroup;
			children = (
				11488CE12218EE2000D07D69 /* NameDescribable.swift */,
			);
			path = Helpers;
			sourceTree = "<group>";
		};
		11488D4E221B049F00D07D69 /* Models */ = {
			isa = PBXGroup;
			children = (
				11488D4F221B04D000D07D69 /* Recipe.swift */,
				11488D50221B04D000D07D69 /* Recipes.swift */,
			);
			path = Models;
			sourceTree = "<group>";
		};
		11488D53221B04F700D07D69 /* ViewModels */ = {
			isa = PBXGroup;
			children = (
				11488D55221B051800D07D69 /* ViewState.swift */,
				11488D54221B051800D07D69 /* SampleViewModel.swift */,
			);
			path = ViewModels;
			sourceTree = "<group>";
		};
		11488D58221B057900D07D69 /* Networking */ = {
			isa = PBXGroup;
			children = (
				11488D5C221B057900D07D69 /* APIState.swift */,
				11488D5E221B057900D07D69 /* APIEndpoint.swift */,
				11488D5D221B057900D07D69 /* FoodAPI.swift */,
				11488D59221B057900D07D69 /* Repositories */,
			);
			path = Networking;
			sourceTree = "<group>";
		};
		11488D59221B057900D07D69 /* Repositories */ = {
			isa = PBXGroup;
			children = (
				11488D5A221B057900D07D69 /* SampleRepository.swift */,
			);
			path = Repositories;
			sourceTree = "<group>";
		};
		11488D64221B099400D07D69 /* Views */ = {
			isa = PBXGroup;
			children = (
				11488D65221B099400D07D69 /* RecipeCell.swift */,
			);
			path = Views;
			sourceTree = "<group>";
		};
/* End PBXGroup section */

/* Begin PBXNativeTarget section */
		11153A8122187CAE0064F116 /* Challenge */ = {
			isa = PBXNativeTarget;
			buildConfigurationList = 11153AAA22187CB00064F116 /* Build configuration list for PBXNativeTarget "Challenge" */;
			buildPhases = (
				11153AB322187D860064F116 /* Run Script - SwiftFormat */,
				11153AB422187DAD0064F116 /* Run Script - SwiftGen */,
				11153A7E22187CAE0064F116 /* Sources */,
				11153A7F22187CAE0064F116 /* Frameworks */,
				11153A8022187CAE0064F116 /* Resources */,
				11153AB622187E030064F116 /* Run Script - Carthage */,
				11153AB522187DD10064F116 /* Run Script - SwiftLint */,
			);
			buildRules = (
			);
			dependencies = (
			);
			name = Challenge;
			productName = Challenge;
			productReference = 11153A8222187CAE0064F116 /* Challenge.app */;
			productType = "com.apple.product-type.application";
		};
		11153A9522187CB00064F116 /* ChallengeTests */ = {
			isa = PBXNativeTarget;
			buildConfigurationList = 11153AAD22187CB00064F116 /* Build configuration list for PBXNativeTarget "ChallengeTests" */;
			buildPhases = (
				11153A9222187CB00064F116 /* Sources */,
				11153A9322187CB00064F116 /* Frameworks */,
				11153A9422187CB00064F116 /* Resources */,
			);
			buildRules = (
			);
			dependencies = (
				11153A9822187CB00064F116 /* PBXTargetDependency */,
			);
			name = ChallengeTests;
			productName = ChallengeTests;
			productReference = 11153A9622187CB00064F116 /* ChallengeTests.xctest */;
			productType = "com.apple.product-type.bundle.unit-test";
		};
		11153AA022187CB00064F116 /* ChallengeUITests */ = {
			isa = PBXNativeTarget;
			buildConfigurationList = 11153AB022187CB00064F116 /* Build configuration list for PBXNativeTarget "ChallengeUITests" */;
			buildPhases = (
				11153A9D22187CB00064F116 /* Sources */,
				11153A9E22187CB00064F116 /* Frameworks */,
				11153A9F22187CB00064F116 /* Resources */,
			);
			buildRules = (
			);
			dependencies = (
				11153AA322187CB00064F116 /* PBXTargetDependency */,
			);
			name = ChallengeUITests;
			productName = ChallengeUITests;
			productReference = 11153AA122187CB00064F116 /* ChallengeUITests.xctest */;
			productType = "com.apple.product-type.bundle.ui-testing";
		};
/* End PBXNativeTarget section */

/* Begin PBXProject section */
		11153A7A22187CAE0064F116 /* Project object */ = {
			isa = PBXProject;
			attributes = {
				LastSwiftUpdateCheck = 1010;
				LastUpgradeCheck = 1010;
				ORGANIZATIONNAME = Nah;
				TargetAttributes = {
					11153A8122187CAE0064F116 = {
						CreatedOnToolsVersion = 10.1;
					};
					11153A9522187CB00064F116 = {
						CreatedOnToolsVersion = 10.1;
						TestTargetID = 11153A8122187CAE0064F116;
					};
					11153AA022187CB00064F116 = {
						CreatedOnToolsVersion = 10.1;
						TestTargetID = 11153A8122187CAE0064F116;
					};
				};
			};
			buildConfigurationList = 11153A7D22187CAE0064F116 /* Build configuration list for PBXProject "Challenge" */;
			compatibilityVersion = "Xcode 9.3";
			developmentRegion = en;
			hasScannedForEncodings = 0;
			knownRegions = (
				Base,
				vi,
				en,
			);
			mainGroup = 11153A7922187CAE0064F116;
			productRefGroup = 11153A8322187CAE0064F116 /* Products */;
			projectDirPath = "";
			projectRoot = "";
			targets = (
				11153A8122187CAE0064F116 /* Challenge */,
				11153A9522187CB00064F116 /* ChallengeTests */,
				11153AA022187CB00064F116 /* ChallengeUITests */,
			);
		};
/* End PBXProject section */

/* Begin PBXResourcesBuildPhase section */
		11153A8022187CAE0064F116 /* Resources */ = {
			isa = PBXResourcesBuildPhase;
			buildActionMask = 2147483647;
			files = (
				11153AC8221880230064F116 /* Assets.xcassets in Resources */,
				11488CBA22188AC900D07D69 /* Localizable.strings in Resources */,
				11153ACB221880230064F116 /* Main.storyboard in Resources */,
				11153ACA221880230064F116 /* LaunchScreen.storyboard in Resources */,
			);
			runOnlyForDeploymentPostprocessing = 0;
		};
		11153A9422187CB00064F116 /* Resources */ = {
			isa = PBXResourcesBuildPhase;
			buildActionMask = 2147483647;
			files = (
			);
			runOnlyForDeploymentPostprocessing = 0;
		};
		11153A9F22187CB00064F116 /* Resources */ = {
			isa = PBXResourcesBuildPhase;
			buildActionMask = 2147483647;
			files = (
			);
			runOnlyForDeploymentPostprocessing = 0;
		};
/* End PBXResourcesBuildPhase section */

/* Begin PBXShellScriptBuildPhase section */
		11153AB322187D860064F116 /* Run Script - SwiftFormat */ = {
			isa = PBXShellScriptBuildPhase;
			buildActionMask = 2147483647;
			files = (
			);
			inputFileListPaths = (
			);
			inputPaths = (
			);
			name = "Run Script - SwiftFormat";
			outputFileListPaths = (
			);
			outputPaths = (
			);
			runOnlyForDeploymentPostprocessing = 0;
			shellPath = /bin/sh;
			shellScript = "echo \"SwiftFormat is disabled.\"; exit 0\n\nif which swiftformat >/dev/null; then\nswiftformat \"${SRCROOT}/$PROJECT_NAME\" --config \"${SRCROOT}/.swiftformat\"\nswiftformat \"${SRCROOT}/ChallengeTests\" --config \"${SRCROOT}/.swiftformat\"\nswiftformat \"${SRCROOT}/ChallengeUITests\" --config \"${SRCROOT}/.swiftformat\"\nelse\necho \"warning: SwiftFormat not installed, download from https://github.com/nicklockwood/SwiftFormat\"\nfi\n";
		};
		11153AB422187DAD0064F116 /* Run Script - SwiftGen */ = {
			isa = PBXShellScriptBuildPhase;
			buildActionMask = 2147483647;
			files = (
			);
			inputFileListPaths = (
			);
			inputPaths = (
			);
			name = "Run Script - SwiftGen";
			outputFileListPaths = (
			);
			outputPaths = (
			);
			runOnlyForDeploymentPostprocessing = 0;
			shellPath = /bin/sh;
			shellScript = "if which swiftgen >/dev/null; then\nswiftgen config run\nelse\necho \"warning: SwiftGen not installed, download from https://github.com/SwiftGen/SwiftGen\"\nfi\n\n";
		};
		11153AB522187DD10064F116 /* Run Script - SwiftLint */ = {
			isa = PBXShellScriptBuildPhase;
			buildActionMask = 2147483647;
			files = (
			);
			inputFileListPaths = (
			);
			inputPaths = (
			);
			name = "Run Script - SwiftLint";
			outputFileListPaths = (
			);
			outputPaths = (
			);
			runOnlyForDeploymentPostprocessing = 0;
			shellPath = /bin/sh;
			shellScript = "if which swiftlint >/dev/null; then\nswiftlint\nelse\necho \"warning: SwiftLint not installed, download from https://github.com/realm/SwiftLint\"\nfi\n";
		};
		11153AB622187E030064F116 /* Run Script - Carthage */ = {
			isa = PBXShellScriptBuildPhase;
			buildActionMask = 2147483647;
			files = (
			);
			inputFileListPaths = (
			);
			inputPaths = (
				"$(SRCROOT)/Carthage/Build/iOS/Alamofire.framework",
				"$(SRCROOT)/Carthage/Build/iOS/SwiftyJSON.framework",
				"$(SRCROOT)/Carthage/Build/iOS/RxCocoa.framework",
				"$(SRCROOT)/Carthage/Build/iOS/RxSwift.framework",
				"$(SRCROOT)/Carthage/Build/iOS/XCGLogger.framework",
				"$(SRCROOT)/Carthage/Build/iOS/ObjcExceptionBridging.framework",
				"$(SRCROOT)/Carthage/Build/iOS/SwiftyUserDefaults.framework",
				"$(SRCROOT)/Carthage/Build/iOS/Reusable.framework",
			);
			name = "Run Script - Carthage";
			outputFileListPaths = (
			);
			outputPaths = (
				"$(BUILT_PRODUCTS_DIR)/$(FRAMEWORKS_FOLDER_PATH)/Alamofire.framework",
				"$(BUILT_PRODUCTS_DIR)/$(FRAMEWORKS_FOLDER_PATH)/SwiftyJSON.framework",
				"$(BUILT_PRODUCTS_DIR)/$(FRAMEWORKS_FOLDER_PATH)/RxCocoa.framework",
				"$(BUILT_PRODUCTS_DIR)/$(FRAMEWORKS_FOLDER_PATH)/RxSwift.framework",
				"$(BUILT_PRODUCTS_DIR)/$(FRAMEWORKS_FOLDER_PATH)/XCGLogger.framework",
				"$(BUILT_PRODUCTS_DIR)/$(FRAMEWORKS_FOLDER_PATH)/ObjcExceptionBridging.framework",
				"$(BUILT_PRODUCTS_DIR)/$(FRAMEWORKS_FOLDER_PATH)/SwiftyUserDefaults.framework",
				"$(BUILT_PRODUCTS_DIR)/$(FRAMEWORKS_FOLDER_PATH)/Reusable.framework",
			);
			runOnlyForDeploymentPostprocessing = 0;
			shellPath = /bin/sh;
			shellScript = "/usr/local/bin/carthage copy-frameworks\n";
		};
/* End PBXShellScriptBuildPhase section */

/* Begin PBXSourcesBuildPhase section */
		11153A7E22187CAE0064F116 /* Sources */ = {
			isa = PBXSourcesBuildPhase;
			buildActionMask = 2147483647;
			files = (
				11488D41221AFEDC00D07D69 /* StoryboardsScenes.swift in Sources */,
				11488CE22218EE2000D07D69 /* NameDescribable.swift in Sources */,
				11488D62221B057900D07D69 /* FoodAPI.swift in Sources */,
				11488D61221B057900D07D69 /* APIState.swift in Sources */,
				11488CD42218EB8B00D07D69 /* TabbarRouter.swift in Sources */,
				11488D31221AFC6A00D07D69 /* AppCoordinator.swift in Sources */,
				11488CD02218EB8B00D07D69 /* NavigationRouter.swift in Sources */,
				11488D4C221B048400D07D69 /* DataRequest+Ext.swift in Sources */,
				11488D57221B051800D07D69 /* ViewState.swift in Sources */,
				11488D3B221AFD9900D07D69 /* ControllerProtocols.swift in Sources */,
				11488CD32218EB8B00D07D69 /* Router.swift in Sources */,
				11488D45221AFF5A00D07D69 /* UIColor+Ext.swift in Sources */,
				11488D39221AFD5200D07D69 /* ControllerFactory.swift in Sources */,
				11488D49221B019A00D07D69 /* Strings.swift in Sources */,
				11488D56221B051800D07D69 /* SampleViewModel.swift in Sources */,
				11488CD12218EB8B00D07D69 /* DeepLinkOption.swift in Sources */,
				11488CDB2218EC4F00D07D69 /* XCGLogger+Ext.swift in Sources */,
				11488D63221B057900D07D69 /* APIEndpoint.swift in Sources */,
				11488CD52218EB8B00D07D69 /* Coordinator.swift in Sources */,
				11488D47221AFFC000D07D69 /* BaseViewController.swift in Sources */,
				11488D3D221AFE2300D07D69 /* CoordinatorProtocols.swift in Sources */,
				11488CD72218EBF200D07D69 /* AppDelegate+Config.swift in Sources */,
				11153ACC221880230064F116 /* SampleViewController.swift in Sources */,
				11488D37221AFD2500D07D69 /* AlertCoordinator.swift in Sources */,
				11153A8622187CAE0064F116 /* AppDelegate.swift in Sources */,
				11488D35221AFCF800D07D69 /* MainCoordinator.swift in Sources */,
				11488CE62218EF3700D07D69 /* Array+Ext.swift in Sources */,
				11488D4D221B048400D07D69 /* SessionManager+Ext.swift in Sources */,
				11488D51221B04D000D07D69 /* Recipe.swift in Sources */,
				11488D33221AFCD800D07D69 /* CoordinatorFactory.swift in Sources */,
				11488D5F221B057900D07D69 /* SampleRepository.swift in Sources */,
				11488D66221B099400D07D69 /* RecipeCell.swift in Sources */,
				11488D52221B04D000D07D69 /* Recipes.swift in Sources */,
				11488CD22218EB8B00D07D69 /* Presentable.swift in Sources */,
				11488D3F221AFECA00D07D69 /* AssetsImages.swift in Sources */,
				11488CDD2218ECBC00D07D69 /* Const.swift in Sources */,
				11488D43221AFF1B00D07D69 /* Optional+Ext.swift in Sources */,
			);
			runOnlyForDeploymentPostprocessing = 0;
		};
		11153A9222187CB00064F116 /* Sources */ = {
			isa = PBXSourcesBuildPhase;
			buildActionMask = 2147483647;
			files = (
				11153A9B22187CB00064F116 /* ChallengeTests.swift in Sources */,
			);
			runOnlyForDeploymentPostprocessing = 0;
		};
		11153A9D22187CB00064F116 /* Sources */ = {
			isa = PBXSourcesBuildPhase;
			buildActionMask = 2147483647;
			files = (
				11153AA622187CB00064F116 /* ChallengeUITests.swift in Sources */,
			);
			runOnlyForDeploymentPostprocessing = 0;
		};
/* End PBXSourcesBuildPhase section */

/* Begin PBXTargetDependency section */
		11153A9822187CB00064F116 /* PBXTargetDependency */ = {
			isa = PBXTargetDependency;
			target = 11153A8122187CAE0064F116 /* Challenge */;
			targetProxy = 11153A9722187CB00064F116 /* PBXContainerItemProxy */;
		};
		11153AA322187CB00064F116 /* PBXTargetDependency */ = {
			isa = PBXTargetDependency;
			target = 11153A8122187CAE0064F116 /* Challenge */;
			targetProxy = 11153AA222187CB00064F116 /* PBXContainerItemProxy */;
		};
/* End PBXTargetDependency section */

/* Begin PBXVariantGroup section */
		11488CB822188AC900D07D69 /* Localizable.strings */ = {
			isa = PBXVariantGroup;
			children = (
				11488CB922188AC900D07D69 /* Base */,
				11488CBB22188ACF00D07D69 /* vi */,
			);
			name = Localizable.strings;
			sourceTree = "<group>";
		};
/* End PBXVariantGroup section */

/* Begin XCBuildConfiguration section */
		11153AA822187CB00064F116 /* Debug */ = {
			isa = XCBuildConfiguration;
			buildSettings = {
				ALWAYS_SEARCH_USER_PATHS = NO;
				CLANG_ANALYZER_LOCALIZABILITY_NONLOCALIZED = YES;
				CLANG_ANALYZER_NONNULL = YES;
				CLANG_ANALYZER_NUMBER_OBJECT_CONVERSION = YES_AGGRESSIVE;
				CLANG_CXX_LANGUAGE_STANDARD = "gnu++14";
				CLANG_CXX_LIBRARY = "libc++";
				CLANG_ENABLE_MODULES = YES;
				CLANG_ENABLE_OBJC_ARC = YES;
				CLANG_ENABLE_OBJC_WEAK = YES;
				CLANG_WARN_BLOCK_CAPTURE_AUTORELEASING = YES;
				CLANG_WARN_BOOL_CONVERSION = YES;
				CLANG_WARN_COMMA = YES;
				CLANG_WARN_CONSTANT_CONVERSION = YES;
				CLANG_WARN_DEPRECATED_OBJC_IMPLEMENTATIONS = YES;
				CLANG_WARN_DIRECT_OBJC_ISA_USAGE = YES_ERROR;
				CLANG_WARN_DOCUMENTATION_COMMENTS = YES;
				CLANG_WARN_EMPTY_BODY = YES;
				CLANG_WARN_ENUM_CONVERSION = YES;
				CLANG_WARN_INFINITE_RECURSION = YES;
				CLANG_WARN_INT_CONVERSION = YES;
				CLANG_WARN_NON_LITERAL_NULL_CONVERSION = YES;
				CLANG_WARN_OBJC_IMPLICIT_RETAIN_SELF = YES;
				CLANG_WARN_OBJC_LITERAL_CONVERSION = YES;
				CLANG_WARN_OBJC_ROOT_CLASS = YES_ERROR;
				CLANG_WARN_RANGE_LOOP_ANALYSIS = YES;
				CLANG_WARN_STRICT_PROTOTYPES = YES;
				CLANG_WARN_SUSPICIOUS_MOVE = YES;
				CLANG_WARN_UNGUARDED_AVAILABILITY = YES_AGGRESSIVE;
				CLANG_WARN_UNREACHABLE_CODE = YES;
				CLANG_WARN__DUPLICATE_METHOD_MATCH = YES;
				CODE_SIGN_IDENTITY = "iPhone Developer";
				COPY_PHASE_STRIP = NO;
				DEBUG_INFORMATION_FORMAT = dwarf;
				ENABLE_STRICT_OBJC_MSGSEND = YES;
				ENABLE_TESTABILITY = YES;
				GCC_C_LANGUAGE_STANDARD = gnu11;
				GCC_DYNAMIC_NO_PIC = NO;
				GCC_NO_COMMON_BLOCKS = YES;
				GCC_OPTIMIZATION_LEVEL = 0;
				GCC_PREPROCESSOR_DEFINITIONS = (
					"DEBUG=1",
					"$(inherited)",
				);
				GCC_WARN_64_TO_32_BIT_CONVERSION = YES;
				GCC_WARN_ABOUT_RETURN_TYPE = YES_ERROR;
				GCC_WARN_UNDECLARED_SELECTOR = YES;
				GCC_WARN_UNINITIALIZED_AUTOS = YES_AGGRESSIVE;
				GCC_WARN_UNUSED_FUNCTION = YES;
				GCC_WARN_UNUSED_VARIABLE = YES;
				IPHONEOS_DEPLOYMENT_TARGET = 10.0;
				MTL_ENABLE_DEBUG_INFO = INCLUDE_SOURCE;
				MTL_FAST_MATH = YES;
				ONLY_ACTIVE_ARCH = YES;
				SDKROOT = iphoneos;
				SWIFT_ACTIVE_COMPILATION_CONDITIONS = DEBUG;
				SWIFT_OPTIMIZATION_LEVEL = "-Onone";
			};
			name = Debug;
		};
		11153AA922187CB00064F116 /* Release */ = {
			isa = XCBuildConfiguration;
			buildSettings = {
				ALWAYS_SEARCH_USER_PATHS = NO;
				CLANG_ANALYZER_LOCALIZABILITY_NONLOCALIZED = YES;
				CLANG_ANALYZER_NONNULL = YES;
				CLANG_ANALYZER_NUMBER_OBJECT_CONVERSION = YES_AGGRESSIVE;
				CLANG_CXX_LANGUAGE_STANDARD = "gnu++14";
				CLANG_CXX_LIBRARY = "libc++";
				CLANG_ENABLE_MODULES = YES;
				CLANG_ENABLE_OBJC_ARC = YES;
				CLANG_ENABLE_OBJC_WEAK = YES;
				CLANG_WARN_BLOCK_CAPTURE_AUTORELEASING = YES;
				CLANG_WARN_BOOL_CONVERSION = YES;
				CLANG_WARN_COMMA = YES;
				CLANG_WARN_CONSTANT_CONVERSION = YES;
				CLANG_WARN_DEPRECATED_OBJC_IMPLEMENTATIONS = YES;
				CLANG_WARN_DIRECT_OBJC_ISA_USAGE = YES_ERROR;
				CLANG_WARN_DOCUMENTATION_COMMENTS = YES;
				CLANG_WARN_EMPTY_BODY = YES;
				CLANG_WARN_ENUM_CONVERSION = YES;
				CLANG_WARN_INFINITE_RECURSION = YES;
				CLANG_WARN_INT_CONVERSION = YES;
				CLANG_WARN_NON_LITERAL_NULL_CONVERSION = YES;
				CLANG_WARN_OBJC_IMPLICIT_RETAIN_SELF = YES;
				CLANG_WARN_OBJC_LITERAL_CONVERSION = YES;
				CLANG_WARN_OBJC_ROOT_CLASS = YES_ERROR;
				CLANG_WARN_RANGE_LOOP_ANALYSIS = YES;
				CLANG_WARN_STRICT_PROTOTYPES = YES;
				CLANG_WARN_SUSPICIOUS_MOVE = YES;
				CLANG_WARN_UNGUARDED_AVAILABILITY = YES_AGGRESSIVE;
				CLANG_WARN_UNREACHABLE_CODE = YES;
				CLANG_WARN__DUPLICATE_METHOD_MATCH = YES;
				CODE_SIGN_IDENTITY = "iPhone Developer";
				COPY_PHASE_STRIP = NO;
				DEBUG_INFORMATION_FORMAT = "dwarf-with-dsym";
				ENABLE_NS_ASSERTIONS = NO;
				ENABLE_STRICT_OBJC_MSGSEND = YES;
				GCC_C_LANGUAGE_STANDARD = gnu11;
				GCC_NO_COMMON_BLOCKS = YES;
				GCC_WARN_64_TO_32_BIT_CONVERSION = YES;
				GCC_WARN_ABOUT_RETURN_TYPE = YES_ERROR;
				GCC_WARN_UNDECLARED_SELECTOR = YES;
				GCC_WARN_UNINITIALIZED_AUTOS = YES_AGGRESSIVE;
				GCC_WARN_UNUSED_FUNCTION = YES;
				GCC_WARN_UNUSED_VARIABLE = YES;
				IPHONEOS_DEPLOYMENT_TARGET = 10.0;
				MTL_ENABLE_DEBUG_INFO = NO;
				MTL_FAST_MATH = YES;
				SDKROOT = iphoneos;
				SWIFT_COMPILATION_MODE = wholemodule;
				SWIFT_OPTIMIZATION_LEVEL = "-O";
				VALIDATE_PRODUCT = YES;
			};
			name = Release;
		};
		11153AAB22187CB00064F116 /* Debug */ = {
			isa = XCBuildConfiguration;
			buildSettings = {
				ASSETCATALOG_COMPILER_APPICON_NAME = AppIcon;
				CODE_SIGN_STYLE = Automatic;
				DEVELOPMENT_TEAM = Z2HAJP9Q8N;
				FRAMEWORK_SEARCH_PATHS = (
					"$(inherited)",
					"$(PROJECT_DIR)/Carthage/Build/iOS",
				);
				INFOPLIST_FILE = "Challenge/Supporting Files/Info.plist";
				LD_RUNPATH_SEARCH_PATHS = (
					"$(inherited)",
					"@executable_path/Frameworks",
				);
				PRODUCT_BUNDLE_IDENTIFIER = com.nah.Challenge;
				PRODUCT_NAME = "$(TARGET_NAME)";
				SWIFT_VERSION = 4.2;
				TARGETED_DEVICE_FAMILY = "1,2";
			};
			name = Debug;
		};
		11153AAC22187CB00064F116 /* Release */ = {
			isa = XCBuildConfiguration;
			buildSettings = {
				ASSETCATALOG_COMPILER_APPICON_NAME = AppIcon;
				CODE_SIGN_STYLE = Automatic;
				DEVELOPMENT_TEAM = Z2HAJP9Q8N;
				FRAMEWORK_SEARCH_PATHS = (
					"$(inherited)",
					"$(PROJECT_DIR)/Carthage/Build/iOS",
				);
				INFOPLIST_FILE = "Challenge/Supporting Files/Info.plist";
				LD_RUNPATH_SEARCH_PATHS = (
					"$(inherited)",
					"@executable_path/Frameworks",
				);
				PRODUCT_BUNDLE_IDENTIFIER = com.nah.Challenge;
				PRODUCT_NAME = "$(TARGET_NAME)";
				SWIFT_VERSION = 4.2;
				TARGETED_DEVICE_FAMILY = "1,2";
			};
			name = Release;
		};
		11153AAE22187CB00064F116 /* Debug */ = {
			isa = XCBuildConfiguration;
			buildSettings = {
				ALWAYS_EMBED_SWIFT_STANDARD_LIBRARIES = YES;
				BUNDLE_LOADER = "$(TEST_HOST)";
				CODE_SIGN_STYLE = Automatic;
				DEVELOPMENT_TEAM = Z2HAJP9Q8N;
				INFOPLIST_FILE = ChallengeTests/Info.plist;
				LD_RUNPATH_SEARCH_PATHS = (
					"$(inherited)",
					"@executable_path/Frameworks",
					"@loader_path/Frameworks",
				);
				PRODUCT_BUNDLE_IDENTIFIER = com.nah.ChallengeTests;
				PRODUCT_NAME = "$(TARGET_NAME)";
				SWIFT_VERSION = 4.2;
				TARGETED_DEVICE_FAMILY = "1,2";
				TEST_HOST = "$(BUILT_PRODUCTS_DIR)/Challenge.app/Challenge";
			};
			name = Debug;
		};
		11153AAF22187CB00064F116 /* Release */ = {
			isa = XCBuildConfiguration;
			buildSettings = {
				ALWAYS_EMBED_SWIFT_STANDARD_LIBRARIES = YES;
				BUNDLE_LOADER = "$(TEST_HOST)";
				CODE_SIGN_STYLE = Automatic;
				DEVELOPMENT_TEAM = Z2HAJP9Q8N;
				INFOPLIST_FILE = ChallengeTests/Info.plist;
				LD_RUNPATH_SEARCH_PATHS = (
					"$(inherited)",
					"@executable_path/Frameworks",
					"@loader_path/Frameworks",
				);
				PRODUCT_BUNDLE_IDENTIFIER = com.nah.ChallengeTests;
				PRODUCT_NAME = "$(TARGET_NAME)";
				SWIFT_VERSION = 4.2;
				TARGETED_DEVICE_FAMILY = "1,2";
				TEST_HOST = "$(BUILT_PRODUCTS_DIR)/Challenge.app/Challenge";
			};
			name = Release;
		};
		11153AB122187CB00064F116 /* Debug */ = {
			isa = XCBuildConfiguration;
			buildSettings = {
				ALWAYS_EMBED_SWIFT_STANDARD_LIBRARIES = YES;
				CODE_SIGN_STYLE = Automatic;
				DEVELOPMENT_TEAM = Z2HAJP9Q8N;
				INFOPLIST_FILE = ChallengeUITests/Info.plist;
				LD_RUNPATH_SEARCH_PATHS = (
					"$(inherited)",
					"@executable_path/Frameworks",
					"@loader_path/Frameworks",
				);
				PRODUCT_BUNDLE_IDENTIFIER = com.nah.ChallengeUITests;
				PRODUCT_NAME = "$(TARGET_NAME)";
				SWIFT_VERSION = 4.2;
				TARGETED_DEVICE_FAMILY = "1,2";
				TEST_TARGET_NAME = Challenge;
			};
			name = Debug;
		};
		11153AB222187CB00064F116 /* Release */ = {
			isa = XCBuildConfiguration;
			buildSettings = {
				ALWAYS_EMBED_SWIFT_STANDARD_LIBRARIES = YES;
				CODE_SIGN_STYLE = Automatic;
				DEVELOPMENT_TEAM = Z2HAJP9Q8N;
				INFOPLIST_FILE = ChallengeUITests/Info.plist;
				LD_RUNPATH_SEARCH_PATHS = (
					"$(inherited)",
					"@executable_path/Frameworks",
					"@loader_path/Frameworks",
				);
				PRODUCT_BUNDLE_IDENTIFIER = com.nah.ChallengeUITests;
				PRODUCT_NAME = "$(TARGET_NAME)";
				SWIFT_VERSION = 4.2;
				TARGETED_DEVICE_FAMILY = "1,2";
				TEST_TARGET_NAME = Challenge;
			};
			name = Release;
		};
/* End XCBuildConfiguration section */

/* Begin XCConfigurationList section */
		11153A7D22187CAE0064F116 /* Build configuration list for PBXProject "Challenge" */ = {
			isa = XCConfigurationList;
			buildConfigurations = (
				11153AA822187CB00064F116 /* Debug */,
				11153AA922187CB00064F116 /* Release */,
			);
			defaultConfigurationIsVisible = 0;
			defaultConfigurationName = Debug;
		};
		11153AAA22187CB00064F116 /* Build configuration list for PBXNativeTarget "Challenge" */ = {
			isa = XCConfigurationList;
			buildConfigurations = (
				11153AAB22187CB00064F116 /* Debug */,
				11153AAC22187CB00064F116 /* Release */,
			);
			defaultConfigurationIsVisible = 0;
			defaultConfigurationName = Debug;
		};
		11153AAD22187CB00064F116 /* Build configuration list for PBXNativeTarget "ChallengeTests" */ = {
			isa = XCConfigurationList;
			buildConfigurations = (
				11153AAE22187CB00064F116 /* Debug */,
				11153AAF22187CB00064F116 /* Release */,
			);
			defaultConfigurationIsVisible = 0;
			defaultConfigurationName = Debug;
		};
		11153AB022187CB00064F116 /* Build configuration list for PBXNativeTarget "ChallengeUITests" */ = {
			isa = XCConfigurationList;
			buildConfigurations = (
				11153AB122187CB00064F116 /* Debug */,
				11153AB222187CB00064F116 /* Release */,
			);
			defaultConfigurationIsVisible = 0;
			defaultConfigurationName = Debug;
		};
/* End XCConfigurationList section */
	};
	rootObject = 11153A7A22187CAE0064F116 /* Project object */;
}
